// !$*UTF8*$!
{
	archiveVersion = 1;
	classes = {
	};
	objectVersion = 46;
	objects = {

/* Begin PBXBuildFile section */
		50D9D78B1CA6C569002A6390 /* TitleModel.m in Sources */ = {isa = PBXBuildFile; fileRef = 50D9D78A1CA6C569002A6390 /* TitleModel.m */; };
		50D9D78E1CA6C58C002A6390 /* EquipmentModel.m in Sources */ = {isa = PBXBuildFile; fileRef = 50D9D78D1CA6C58C002A6390 /* EquipmentModel.m */; };
		50F087171CA4E868005352B7 /* FMDatabase.m in Sources */ = {isa = PBXBuildFile; fileRef = 50F0870D1CA4E868005352B7 /* FMDatabase.m */; };
		50F087181CA4E868005352B7 /* FMDatabaseAdditions.m in Sources */ = {isa = PBXBuildFile; fileRef = 50F0870F1CA4E868005352B7 /* FMDatabaseAdditions.m */; };
		50F087191CA4E868005352B7 /* FMDatabasePool.m in Sources */ = {isa = PBXBuildFile; fileRef = 50F087111CA4E868005352B7 /* FMDatabasePool.m */; };
		50F0871A1CA4E868005352B7 /* FMDatabaseQueue.m in Sources */ = {isa = PBXBuildFile; fileRef = 50F087131CA4E868005352B7 /* FMDatabaseQueue.m */; };
		50F0871B1CA4E868005352B7 /* FMResultSet.m in Sources */ = {isa = PBXBuildFile; fileRef = 50F087161CA4E868005352B7 /* FMResultSet.m */; };
		940D00541CC62803004F3E23 /* CNPGridMenu.m in Sources */ = {isa = PBXBuildFile; fileRef = 940D00531CC62803004F3E23 /* CNPGridMenu.m */; };
		9412F7701CA229E50037F461 /* main.m in Sources */ = {isa = PBXBuildFile; fileRef = 9412F76F1CA229E50037F461 /* main.m */; };
		9412F7731CA229E50037F461 /* AppDelegate.m in Sources */ = {isa = PBXBuildFile; fileRef = 9412F7721CA229E50037F461 /* AppDelegate.m */; };
		9412F7791CA229E50037F461 /* Main.storyboard in Resources */ = {isa = PBXBuildFile; fileRef = 9412F7771CA229E50037F461 /* Main.storyboard */; };
		9412F77B1CA229E50037F461 /* Assets.xcassets in Resources */ = {isa = PBXBuildFile; fileRef = 9412F77A1CA229E50037F461 /* Assets.xcassets */; };
		9412F77E1CA229E50037F461 /* LaunchScreen.storyboard in Resources */ = {isa = PBXBuildFile; fileRef = 9412F77C1CA229E50037F461 /* LaunchScreen.storyboard */; };
		9412F7891CA229E50037F461 /* Mabinogi_heroesTests.m in Sources */ = {isa = PBXBuildFile; fileRef = 9412F7881CA229E50037F461 /* Mabinogi_heroesTests.m */; };
		9412F7941CA229E60037F461 /* Mabinogi_heroesUITests.m in Sources */ = {isa = PBXBuildFile; fileRef = 9412F7931CA229E60037F461 /* Mabinogi_heroesUITests.m */; };
		9412F7B31CA236EF0037F461 /* NewsViewController.m in Sources */ = {isa = PBXBuildFile; fileRef = 9412F7B21CA236EF0037F461 /* NewsViewController.m */; };
		9412F7B61CA236FC0037F461 /* DataViewController.m in Sources */ = {isa = PBXBuildFile; fileRef = 9412F7B51CA236FC0037F461 /* DataViewController.m */; };
		9412F7B91CA237360037F461 /* CommunityViewController.m in Sources */ = {isa = PBXBuildFile; fileRef = 9412F7B81CA237360037F461 /* CommunityViewController.m */; };
		9412F7C01CA240D50037F461 /* MainTabbarViewController.m in Sources */ = {isa = PBXBuildFile; fileRef = 9412F7BF1CA240D50037F461 /* MainTabbarViewController.m */; };
		942A9B531CC869CF001A201F /* GLIRViewController.m in Sources */ = {isa = PBXBuildFile; fileRef = 942A9B4C1CC869CF001A201F /* GLIRViewController.m */; };
		942A9B541CC869CF001A201F /* RippleModel.m in Sources */ = {isa = PBXBuildFile; fileRef = 942A9B4E1CC869CF001A201F /* RippleModel.m */; };
		942A9B551CC869CF001A201F /* RippleTableViewController.m in Sources */ = {isa = PBXBuildFile; fileRef = 942A9B501CC869CF001A201F /* RippleTableViewController.m */; };
		942A9B561CC869CF001A201F /* Shader.fsh in Resources */ = {isa = PBXBuildFile; fileRef = 942A9B511CC869CF001A201F /* Shader.fsh */; };
		942A9B571CC869CF001A201F /* Shader.vsh in Resources */ = {isa = PBXBuildFile; fileRef = 942A9B521CC869CF001A201F /* Shader.vsh */; };
		942A9B5A1CC86A21001A201F /* Title3ViewController.m in Sources */ = {isa = PBXBuildFile; fileRef = 942A9B591CC86A21001A201F /* Title3ViewController.m */; };
		942A9B601CC872AA001A201F /* btSimpleMenuItem.m in Sources */ = {isa = PBXBuildFile; fileRef = 942A9B5D1CC872AA001A201F /* btSimpleMenuItem.m */; };
		942A9B611CC872AA001A201F /* btSimpleSideMenu.m in Sources */ = {isa = PBXBuildFile; fileRef = 942A9B5F1CC872AA001A201F /* btSimpleSideMenu.m */; };
		942A9B6A1CC87991001A201F /* icon1.png in Resources */ = {isa = PBXBuildFile; fileRef = 942A9B631CC87991001A201F /* icon1.png */; };
		942A9B6B1CC87991001A201F /* icon2.png in Resources */ = {isa = PBXBuildFile; fileRef = 942A9B641CC87991001A201F /* icon2.png */; };
		942A9B6C1CC87991001A201F /* icon3.png in Resources */ = {isa = PBXBuildFile; fileRef = 942A9B651CC87991001A201F /* icon3.png */; };
		942A9B6D1CC87991001A201F /* icon4.png in Resources */ = {isa = PBXBuildFile; fileRef = 942A9B661CC87991001A201F /* icon4.png */; };
		942A9B6E1CC87991001A201F /* icon5.png in Resources */ = {isa = PBXBuildFile; fileRef = 942A9B671CC87991001A201F /* icon5.png */; };
		942A9B6F1CC87991001A201F /* icon6.png in Resources */ = {isa = PBXBuildFile; fileRef = 942A9B681CC87991001A201F /* icon6.png */; };
		942A9B701CC87991001A201F /* icon7.png in Resources */ = {isa = PBXBuildFile; fileRef = 942A9B691CC87991001A201F /* icon7.png */; };
		943517DB1CE4760100510963 /* tier_bg.png in Resources */ = {isa = PBXBuildFile; fileRef = 943517DA1CE4760100510963 /* tier_bg.png */; };
		943517DE1CE4785500510963 /* tapBossView.m in Sources */ = {isa = PBXBuildFile; fileRef = 943517DD1CE4785500510963 /* tapBossView.m */; };
		943517E01CE478FA00510963 /* tapBossView.xib in Resources */ = {isa = PBXBuildFile; fileRef = 943517DF1CE478FA00510963 /* tapBossView.xib */; };
		9442ECC21CC7810300859422 /* VLDContextSheetItem.m in Sources */ = {isa = PBXBuildFile; fileRef = 9442ECBD1CC7810300859422 /* VLDContextSheetItem.m */; };
		9442ECC31CC7810300859422 /* VLDContextSheetItemView.m in Sources */ = {isa = PBXBuildFile; fileRef = 9442ECBF1CC7810300859422 /* VLDContextSheetItemView.m */; };
		9442ECC41CC7810300859422 /* VLDContextSheet.m in Sources */ = {isa = PBXBuildFile; fileRef = 9442ECC11CC7810300859422 /* VLDContextSheet.m */; };
		9447DA261CA278DD0009AA60 /* MultLevelMeun.m in Sources */ = {isa = PBXBuildFile; fileRef = 9447DA251CA278DD0009AA60 /* MultLevelMeun.m */; };
		9447DA2B1CA2841B0009AA60 /* RightCellCollectionViewCell.m in Sources */ = {isa = PBXBuildFile; fileRef = 9447DA291CA2841B0009AA60 /* RightCellCollectionViewCell.m */; };
		9447DA2C1CA2841B0009AA60 /* RightCellCollectionViewCell.xib in Resources */ = {isa = PBXBuildFile; fileRef = 9447DA2A1CA2841B0009AA60 /* RightCellCollectionViewCell.xib */; };
		9447DA301CA284370009AA60 /* LeftCell.m in Sources */ = {isa = PBXBuildFile; fileRef = 9447DA2E1CA284370009AA60 /* LeftCell.m */; };
		9447DA311CA284370009AA60 /* LeftCell.xib in Resources */ = {isa = PBXBuildFile; fileRef = 9447DA2F1CA284370009AA60 /* LeftCell.xib */; };
		9447DA341CA284630009AA60 /* RightHeadView.m in Sources */ = {isa = PBXBuildFile; fileRef = 9447DA331CA284630009AA60 /* RightHeadView.m */; };
		9447DA361CA284DC0009AA60 /* RightHeadView.xib in Resources */ = {isa = PBXBuildFile; fileRef = 9447DA351CA284DC0009AA60 /* RightHeadView.xib */; };
		947B97CD1CB79BAB001C5B98 /* TWSpringyFlowLayout.m in Sources */ = {isa = PBXBuildFile; fileRef = 947B97CC1CB79BAB001C5B98 /* TWSpringyFlowLayout.m */; };
		947B97D01CB79D3F001C5B98 /* messages_bg_2.png in Resources */ = {isa = PBXBuildFile; fileRef = 947B97CE1CB79D3F001C5B98 /* messages_bg_2.png */; };
		947B97D11CB79D3F001C5B98 /* messages_bg_2@2x.png in Resources */ = {isa = PBXBuildFile; fileRef = 947B97CF1CB79D3F001C5B98 /* messages_bg_2@2x.png */; };
		947B97D41CB79F00001C5B98 /* TWMessageViewCell.m in Sources */ = {isa = PBXBuildFile; fileRef = 947B97D31CB79F00001C5B98 /* TWMessageViewCell.m */; };
		947BC0931CA4FEA300AAFEB4 /* libsqlite3.tbd in Frameworks */ = {isa = PBXBuildFile; fileRef = 947BC0921CA4FEA300AAFEB4 /* libsqlite3.tbd */; };
		947BC09C1CA5316F00AAFEB4 /* DatabaseManager.m in Sources */ = {isa = PBXBuildFile; fileRef = 947BC09B1CA5316F00AAFEB4 /* DatabaseManager.m */; };
		947BC09D1CA5316F00AAFEB4 /* DatabaseManager.m in Sources */ = {isa = PBXBuildFile; fileRef = 947BC09B1CA5316F00AAFEB4 /* DatabaseManager.m */; };
		947BC09E1CA5316F00AAFEB4 /* DatabaseManager.m in Sources */ = {isa = PBXBuildFile; fileRef = 947BC09B1CA5316F00AAFEB4 /* DatabaseManager.m */; };
		9499FDDD1CB3A1A6000C8856 /* EquipmentChartViewController.m in Sources */ = {isa = PBXBuildFile; fileRef = 9499FDDC1CB3A1A6000C8856 /* EquipmentChartViewController.m */; };
		94B42AA21CC09343007117B8 /* TWMessageViewCell.xib in Resources */ = {isa = PBXBuildFile; fileRef = 94B42AA11CC09343007117B8 /* TWMessageViewCell.xib */; };
		94B4A1DD1CE4123D0062F27D /* vindicyusdb.db in Resources */ = {isa = PBXBuildFile; fileRef = 94B4A1DC1CE4123D0062F27D /* vindicyusdb.db */; };
		94B4A1DE1CE4123D0062F27D /* vindicyusdb.db in Resources */ = {isa = PBXBuildFile; fileRef = 94B4A1DC1CE4123D0062F27D /* vindicyusdb.db */; };
		94B4A1DF1CE4123D0062F27D /* vindicyusdb.db in Resources */ = {isa = PBXBuildFile; fileRef = 94B4A1DC1CE4123D0062F27D /* vindicyusdb.db */; };
		94B4A1E31CE422AE0062F27D /* tapEquipmentView.m in Sources */ = {isa = PBXBuildFile; fileRef = 94B4A1E21CE422AE0062F27D /* tapEquipmentView.m */; };
		94B4A1E41CE422AE0062F27D /* tapEquipmentView.m in Sources */ = {isa = PBXBuildFile; fileRef = 94B4A1E21CE422AE0062F27D /* tapEquipmentView.m */; };
		94B4A1E51CE422AE0062F27D /* tapEquipmentView.m in Sources */ = {isa = PBXBuildFile; fileRef = 94B4A1E21CE422AE0062F27D /* tapEquipmentView.m */; };
		94B4A1E71CE422C00062F27D /* tapEquipmentView.xib in Resources */ = {isa = PBXBuildFile; fileRef = 94B4A1E61CE422C00062F27D /* tapEquipmentView.xib */; };
		94B4A1E81CE422C00062F27D /* tapEquipmentView.xib in Resources */ = {isa = PBXBuildFile; fileRef = 94B4A1E61CE422C00062F27D /* tapEquipmentView.xib */; };
		94B4A1E91CE422C00062F27D /* tapEquipmentView.xib in Resources */ = {isa = PBXBuildFile; fileRef = 94B4A1E61CE422C00062F27D /* tapEquipmentView.xib */; };
		94B4A2041CE431160062F27D /* MASCompositeConstraint.m in Sources */ = {isa = PBXBuildFile; fileRef = 94B4A1EE1CE431160062F27D /* MASCompositeConstraint.m */; };
		94B4A2051CE431160062F27D /* MASConstraint.m in Sources */ = {isa = PBXBuildFile; fileRef = 94B4A1F11CE431160062F27D /* MASConstraint.m */; };
		94B4A2061CE431160062F27D /* MASConstraintMaker.m in Sources */ = {isa = PBXBuildFile; fileRef = 94B4A1F31CE431160062F27D /* MASConstraintMaker.m */; };
		94B4A2071CE431160062F27D /* MASLayoutConstraint.m in Sources */ = {isa = PBXBuildFile; fileRef = 94B4A1F51CE431160062F27D /* MASLayoutConstraint.m */; };
		94B4A2081CE431160062F27D /* MASViewAttribute.m in Sources */ = {isa = PBXBuildFile; fileRef = 94B4A1F91CE431160062F27D /* MASViewAttribute.m */; };
		94B4A2091CE431160062F27D /* MASViewConstraint.m in Sources */ = {isa = PBXBuildFile; fileRef = 94B4A1FB1CE431160062F27D /* MASViewConstraint.m */; };
		94B4A20A1CE431160062F27D /* NSArray+MASAdditions.m in Sources */ = {isa = PBXBuildFile; fileRef = 94B4A1FD1CE431160062F27D /* NSArray+MASAdditions.m */; };
		94B4A20B1CE431160062F27D /* NSLayoutConstraint+MASDebugAdditions.m in Sources */ = {isa = PBXBuildFile; fileRef = 94B4A2001CE431160062F27D /* NSLayoutConstraint+MASDebugAdditions.m */; };
		94B4A20C1CE431160062F27D /* View+MASAdditions.m in Sources */ = {isa = PBXBuildFile; fileRef = 94B4A2021CE431160062F27D /* View+MASAdditions.m */; };
		94CEF6D01CB62E1C004356C1 /* TitleViewController.m in Sources */ = {isa = PBXBuildFile; fileRef = 94CEF6CF1CB62E1C004356C1 /* TitleViewController.m */; };
		94CEF6DB1CB62ECA004356C1 /* LLAnimationManager.m in Sources */ = {isa = PBXBuildFile; fileRef = 94CEF6D21CB62ECA004356C1 /* LLAnimationManager.m */; };
		94CEF6DC1CB62ECA004356C1 /* LLCircleLayer.m in Sources */ = {isa = PBXBuildFile; fileRef = 94CEF6D41CB62ECA004356C1 /* LLCircleLayer.m */; };
		94CEF6DD1CB62ECA004356C1 /* LLDisplayLayer.m in Sources */ = {isa = PBXBuildFile; fileRef = 94CEF6D61CB62ECA004356C1 /* LLDisplayLayer.m */; };
		94CEF6DE1CB62ECA004356C1 /* LLSlideMenu.m in Sources */ = {isa = PBXBuildFile; fileRef = 94CEF6D81CB62ECA004356C1 /* LLSlideMenu.m */; };
		94CEF6DF1CB62ECA004356C1 /* UIView+SetRect.m in Sources */ = {isa = PBXBuildFile; fileRef = 94CEF6DA1CB62ECA004356C1 /* UIView+SetRect.m */; };
		94CEF6E51CB7517F004356C1 /* titleViewController2.m in Sources */ = {isa = PBXBuildFile; fileRef = 94CEF6E41CB7517F004356C1 /* titleViewController2.m */; };
		94D982551CB4F8DA006E5AFE /* UIColor+HexString.m in Sources */ = {isa = PBXBuildFile; fileRef = 94D982541CB4F8DA006E5AFE /* UIColor+HexString.m */; };
		94D982591CB502D4006E5AFE /* BOSSViewController.m in Sources */ = {isa = PBXBuildFile; fileRef = 94D982581CB502D4006E5AFE /* BOSSViewController.m */; };
		94FF61FB1CE9972A00BE73CF /* TitilePopView.m in Sources */ = {isa = PBXBuildFile; fileRef = 94FF61FA1CE9972A00BE73CF /* TitilePopView.m */; };
		94FF61FD1CE9974E00BE73CF /* TitlePopView.xib in Resources */ = {isa = PBXBuildFile; fileRef = 94FF61FC1CE9974E00BE73CF /* TitlePopView.xib */; };
		94FF62031CE9C50000BE73CF /* EnchantViewController.m in Sources */ = {isa = PBXBuildFile; fileRef = 94FF62021CE9C50000BE73CF /* EnchantViewController.m */; };
		A6C6246B0C32738962F8F1EE /* libPods.a in Frameworks */ = {isa = PBXBuildFile; fileRef = 478172978367723FBD963348 /* libPods.a */; };
		BA51EFFB1CC1D9580096B353 /* NewsDetailViewController.m in Sources */ = {isa = PBXBuildFile; fileRef = BA51EFFA1CC1D9580096B353 /* NewsDetailViewController.m */; };
		BA51EFFC1CC1D9580096B353 /* NewsDetailViewController.m in Sources */ = {isa = PBXBuildFile; fileRef = BA51EFFA1CC1D9580096B353 /* NewsDetailViewController.m */; };
		BA51EFFD1CC1D9580096B353 /* NewsDetailViewController.m in Sources */ = {isa = PBXBuildFile; fileRef = BA51EFFA1CC1D9580096B353 /* NewsDetailViewController.m */; };
		BA51F0031CC1DD400096B353 /* UIView+Ext.m in Sources */ = {isa = PBXBuildFile; fileRef = BA51F0021CC1DD400096B353 /* UIView+Ext.m */; };
		BA51F0041CC1DD400096B353 /* UIView+Ext.m in Sources */ = {isa = PBXBuildFile; fileRef = BA51F0021CC1DD400096B353 /* UIView+Ext.m */; };
		BA51F0051CC1DD400096B353 /* UIView+Ext.m in Sources */ = {isa = PBXBuildFile; fileRef = BA51F0021CC1DD400096B353 /* UIView+Ext.m */; };
/* End PBXBuildFile section */

/* Begin PBXContainerItemProxy section */
		9412F7851CA229E50037F461 /* PBXContainerItemProxy */ = {
			isa = PBXContainerItemProxy;
			containerPortal = 9412F7631CA229E50037F461 /* Project object */;
			proxyType = 1;
			remoteGlobalIDString = 9412F76A1CA229E50037F461;
			remoteInfo = Mabinogi_heroes;
		};
		9412F7901CA229E60037F461 /* PBXContainerItemProxy */ = {
			isa = PBXContainerItemProxy;
			containerPortal = 9412F7631CA229E50037F461 /* Project object */;
			proxyType = 1;
			remoteGlobalIDString = 9412F76A1CA229E50037F461;
			remoteInfo = Mabinogi_heroes;
		};
/* End PBXContainerItemProxy section */

/* Begin PBXFileReference section */
		257B5762312E00D3F6E4D14D /* Pods.debug.xcconfig */ = {isa = PBXFileReference; includeInIndex = 1; lastKnownFileType = text.xcconfig; name = Pods.debug.xcconfig; path = "Pods/Target Support Files/Pods/Pods.debug.xcconfig"; sourceTree = "<group>"; };
		478172978367723FBD963348 /* libPods.a */ = {isa = PBXFileReference; explicitFileType = archive.ar; includeInIndex = 0; path = libPods.a; sourceTree = BUILT_PRODUCTS_DIR; };
		50D9D7891CA6C569002A6390 /* TitleModel.h */ = {isa = PBXFileReference; fileEncoding = 4; lastKnownFileType = sourcecode.c.h; path = TitleModel.h; sourceTree = "<group>"; };
		50D9D78A1CA6C569002A6390 /* TitleModel.m */ = {isa = PBXFileReference; fileEncoding = 4; lastKnownFileType = sourcecode.c.objc; path = TitleModel.m; sourceTree = "<group>"; };
		50D9D78C1CA6C58C002A6390 /* EquipmentModel.h */ = {isa = PBXFileReference; fileEncoding = 4; lastKnownFileType = sourcecode.c.h; path = EquipmentModel.h; sourceTree = "<group>"; };
		50D9D78D1CA6C58C002A6390 /* EquipmentModel.m */ = {isa = PBXFileReference; fileEncoding = 4; lastKnownFileType = sourcecode.c.objc; path = EquipmentModel.m; sourceTree = "<group>"; };
		50F0870C1CA4E868005352B7 /* FMDatabase.h */ = {isa = PBXFileReference; fileEncoding = 4; lastKnownFileType = sourcecode.c.h; path = FMDatabase.h; sourceTree = "<group>"; };
		50F0870D1CA4E868005352B7 /* FMDatabase.m */ = {isa = PBXFileReference; fileEncoding = 4; lastKnownFileType = sourcecode.c.objc; path = FMDatabase.m; sourceTree = "<group>"; };
		50F0870E1CA4E868005352B7 /* FMDatabaseAdditions.h */ = {isa = PBXFileReference; fileEncoding = 4; lastKnownFileType = sourcecode.c.h; path = FMDatabaseAdditions.h; sourceTree = "<group>"; };
		50F0870F1CA4E868005352B7 /* FMDatabaseAdditions.m */ = {isa = PBXFileReference; fileEncoding = 4; lastKnownFileType = sourcecode.c.objc; path = FMDatabaseAdditions.m; sourceTree = "<group>"; };
		50F087101CA4E868005352B7 /* FMDatabasePool.h */ = {isa = PBXFileReference; fileEncoding = 4; lastKnownFileType = sourcecode.c.h; path = FMDatabasePool.h; sourceTree = "<group>"; };
		50F087111CA4E868005352B7 /* FMDatabasePool.m */ = {isa = PBXFileReference; fileEncoding = 4; lastKnownFileType = sourcecode.c.objc; path = FMDatabasePool.m; sourceTree = "<group>"; };
		50F087121CA4E868005352B7 /* FMDatabaseQueue.h */ = {isa = PBXFileReference; fileEncoding = 4; lastKnownFileType = sourcecode.c.h; path = FMDatabaseQueue.h; sourceTree = "<group>"; };
		50F087131CA4E868005352B7 /* FMDatabaseQueue.m */ = {isa = PBXFileReference; fileEncoding = 4; lastKnownFileType = sourcecode.c.objc; path = FMDatabaseQueue.m; sourceTree = "<group>"; };
		50F087141CA4E868005352B7 /* FMDB.h */ = {isa = PBXFileReference; fileEncoding = 4; lastKnownFileType = sourcecode.c.h; path = FMDB.h; sourceTree = "<group>"; };
		50F087151CA4E868005352B7 /* FMResultSet.h */ = {isa = PBXFileReference; fileEncoding = 4; lastKnownFileType = sourcecode.c.h; path = FMResultSet.h; sourceTree = "<group>"; };
		50F087161CA4E868005352B7 /* FMResultSet.m */ = {isa = PBXFileReference; fileEncoding = 4; lastKnownFileType = sourcecode.c.objc; path = FMResultSet.m; sourceTree = "<group>"; };
		659503FF966D389EC7124B8E /* Pods.release.xcconfig */ = {isa = PBXFileReference; includeInIndex = 1; lastKnownFileType = text.xcconfig; name = Pods.release.xcconfig; path = "Pods/Target Support Files/Pods/Pods.release.xcconfig"; sourceTree = "<group>"; };
		940D00521CC62803004F3E23 /* CNPGridMenu.h */ = {isa = PBXFileReference; fileEncoding = 4; lastKnownFileType = sourcecode.c.h; path = CNPGridMenu.h; sourceTree = "<group>"; };
		940D00531CC62803004F3E23 /* CNPGridMenu.m */ = {isa = PBXFileReference; fileEncoding = 4; lastKnownFileType = sourcecode.c.objc; path = CNPGridMenu.m; sourceTree = "<group>"; };
		9412F76B1CA229E50037F461 /* Mabinogi_heroes.app */ = {isa = PBXFileReference; explicitFileType = wrapper.application; includeInIndex = 0; path = Mabinogi_heroes.app; sourceTree = BUILT_PRODUCTS_DIR; };
		9412F76F1CA229E50037F461 /* main.m */ = {isa = PBXFileReference; lastKnownFileType = sourcecode.c.objc; path = main.m; sourceTree = "<group>"; };
		9412F7711CA229E50037F461 /* AppDelegate.h */ = {isa = PBXFileReference; lastKnownFileType = sourcecode.c.h; path = AppDelegate.h; sourceTree = "<group>"; };
		9412F7721CA229E50037F461 /* AppDelegate.m */ = {isa = PBXFileReference; lastKnownFileType = sourcecode.c.objc; path = AppDelegate.m; sourceTree = "<group>"; };
		9412F7781CA229E50037F461 /* Base */ = {isa = PBXFileReference; lastKnownFileType = file.storyboard; name = Base; path = Base.lproj/Main.storyboard; sourceTree = "<group>"; };
		9412F77A1CA229E50037F461 /* Assets.xcassets */ = {isa = PBXFileReference; lastKnownFileType = folder.assetcatalog; path = Assets.xcassets; sourceTree = "<group>"; };
		9412F77D1CA229E50037F461 /* Base */ = {isa = PBXFileReference; lastKnownFileType = file.storyboard; name = Base; path = Base.lproj/LaunchScreen.storyboard; sourceTree = "<group>"; };
		9412F77F1CA229E50037F461 /* Info.plist */ = {isa = PBXFileReference; lastKnownFileType = text.plist.xml; path = Info.plist; sourceTree = "<group>"; };
		9412F7841CA229E50037F461 /* Mabinogi_heroesTests.xctest */ = {isa = PBXFileReference; explicitFileType = wrapper.cfbundle; includeInIndex = 0; path = Mabinogi_heroesTests.xctest; sourceTree = BUILT_PRODUCTS_DIR; };
		9412F7881CA229E50037F461 /* Mabinogi_heroesTests.m */ = {isa = PBXFileReference; lastKnownFileType = sourcecode.c.objc; path = Mabinogi_heroesTests.m; sourceTree = "<group>"; };
		9412F78A1CA229E50037F461 /* Info.plist */ = {isa = PBXFileReference; lastKnownFileType = text.plist.xml; path = Info.plist; sourceTree = "<group>"; };
		9412F78F1CA229E60037F461 /* Mabinogi_heroesUITests.xctest */ = {isa = PBXFileReference; explicitFileType = wrapper.cfbundle; includeInIndex = 0; path = Mabinogi_heroesUITests.xctest; sourceTree = BUILT_PRODUCTS_DIR; };
		9412F7931CA229E60037F461 /* Mabinogi_heroesUITests.m */ = {isa = PBXFileReference; lastKnownFileType = sourcecode.c.objc; path = Mabinogi_heroesUITests.m; sourceTree = "<group>"; };
		9412F7951CA229E60037F461 /* Info.plist */ = {isa = PBXFileReference; lastKnownFileType = text.plist.xml; path = Info.plist; sourceTree = "<group>"; };
		9412F7B11CA236EF0037F461 /* NewsViewController.h */ = {isa = PBXFileReference; fileEncoding = 4; lastKnownFileType = sourcecode.c.h; path = NewsViewController.h; sourceTree = "<group>"; };
		9412F7B21CA236EF0037F461 /* NewsViewController.m */ = {isa = PBXFileReference; fileEncoding = 4; lastKnownFileType = sourcecode.c.objc; path = NewsViewController.m; sourceTree = "<group>"; };
		9412F7B41CA236FC0037F461 /* DataViewController.h */ = {isa = PBXFileReference; fileEncoding = 4; lastKnownFileType = sourcecode.c.h; path = DataViewController.h; sourceTree = "<group>"; };
		9412F7B51CA236FC0037F461 /* DataViewController.m */ = {isa = PBXFileReference; fileEncoding = 4; lastKnownFileType = sourcecode.c.objc; path = DataViewController.m; sourceTree = "<group>"; };
		9412F7B71CA237360037F461 /* CommunityViewController.h */ = {isa = PBXFileReference; fileEncoding = 4; lastKnownFileType = sourcecode.c.h; path = CommunityViewController.h; sourceTree = "<group>"; };
		9412F7B81CA237360037F461 /* CommunityViewController.m */ = {isa = PBXFileReference; fileEncoding = 4; lastKnownFileType = sourcecode.c.objc; path = CommunityViewController.m; sourceTree = "<group>"; };
		9412F7BE1CA240D50037F461 /* MainTabbarViewController.h */ = {isa = PBXFileReference; fileEncoding = 4; lastKnownFileType = sourcecode.c.h; path = MainTabbarViewController.h; sourceTree = "<group>"; };
		9412F7BF1CA240D50037F461 /* MainTabbarViewController.m */ = {isa = PBXFileReference; fileEncoding = 4; lastKnownFileType = sourcecode.c.objc; path = MainTabbarViewController.m; sourceTree = "<group>"; };
		942A9B4B1CC869CF001A201F /* GLIRViewController.h */ = {isa = PBXFileReference; fileEncoding = 4; lastKnownFileType = sourcecode.c.h; path = GLIRViewController.h; sourceTree = "<group>"; };
		942A9B4C1CC869CF001A201F /* GLIRViewController.m */ = {isa = PBXFileReference; fileEncoding = 4; lastKnownFileType = sourcecode.c.objc; path = GLIRViewController.m; sourceTree = "<group>"; };
		942A9B4D1CC869CF001A201F /* RippleModel.h */ = {isa = PBXFileReference; fileEncoding = 4; lastKnownFileType = sourcecode.c.h; path = RippleModel.h; sourceTree = "<group>"; };
		942A9B4E1CC869CF001A201F /* RippleModel.m */ = {isa = PBXFileReference; fileEncoding = 4; lastKnownFileType = sourcecode.c.objc; path = RippleModel.m; sourceTree = "<group>"; };
		942A9B4F1CC869CF001A201F /* RippleTableViewController.h */ = {isa = PBXFileReference; fileEncoding = 4; lastKnownFileType = sourcecode.c.h; path = RippleTableViewController.h; sourceTree = "<group>"; };
		942A9B501CC869CF001A201F /* RippleTableViewController.m */ = {isa = PBXFileReference; fileEncoding = 4; lastKnownFileType = sourcecode.c.objc; path = RippleTableViewController.m; sourceTree = "<group>"; };
		942A9B511CC869CF001A201F /* Shader.fsh */ = {isa = PBXFileReference; fileEncoding = 4; lastKnownFileType = sourcecode.glsl; path = Shader.fsh; sourceTree = "<group>"; };
		942A9B521CC869CF001A201F /* Shader.vsh */ = {isa = PBXFileReference; fileEncoding = 4; lastKnownFileType = sourcecode.glsl; path = Shader.vsh; sourceTree = "<group>"; };
		942A9B581CC86A21001A201F /* Title3ViewController.h */ = {isa = PBXFileReference; fileEncoding = 4; lastKnownFileType = sourcecode.c.h; path = Title3ViewController.h; sourceTree = "<group>"; };
		942A9B591CC86A21001A201F /* Title3ViewController.m */ = {isa = PBXFileReference; fileEncoding = 4; lastKnownFileType = sourcecode.c.objc; path = Title3ViewController.m; sourceTree = "<group>"; };
		942A9B5C1CC872AA001A201F /* btSimpleMenuItem.h */ = {isa = PBXFileReference; fileEncoding = 4; lastKnownFileType = sourcecode.c.h; path = btSimpleMenuItem.h; sourceTree = "<group>"; };
		942A9B5D1CC872AA001A201F /* btSimpleMenuItem.m */ = {isa = PBXFileReference; fileEncoding = 4; lastKnownFileType = sourcecode.c.objc; path = btSimpleMenuItem.m; sourceTree = "<group>"; };
		942A9B5E1CC872AA001A201F /* btSimpleSideMenu.h */ = {isa = PBXFileReference; fileEncoding = 4; lastKnownFileType = sourcecode.c.h; path = btSimpleSideMenu.h; sourceTree = "<group>"; };
		942A9B5F1CC872AA001A201F /* btSimpleSideMenu.m */ = {isa = PBXFileReference; fileEncoding = 4; lastKnownFileType = sourcecode.c.objc; path = btSimpleSideMenu.m; sourceTree = "<group>"; };
		942A9B631CC87991001A201F /* icon1.png */ = {isa = PBXFileReference; lastKnownFileType = image.png; path = icon1.png; sourceTree = "<group>"; };
		942A9B641CC87991001A201F /* icon2.png */ = {isa = PBXFileReference; lastKnownFileType = image.png; path = icon2.png; sourceTree = "<group>"; };
		942A9B651CC87991001A201F /* icon3.png */ = {isa = PBXFileReference; lastKnownFileType = image.png; path = icon3.png; sourceTree = "<group>"; };
		942A9B661CC87991001A201F /* icon4.png */ = {isa = PBXFileReference; lastKnownFileType = image.png; path = icon4.png; sourceTree = "<group>"; };
		942A9B671CC87991001A201F /* icon5.png */ = {isa = PBXFileReference; lastKnownFileType = image.png; path = icon5.png; sourceTree = "<group>"; };
		942A9B681CC87991001A201F /* icon6.png */ = {isa = PBXFileReference; lastKnownFileType = image.png; path = icon6.png; sourceTree = "<group>"; };
		942A9B691CC87991001A201F /* icon7.png */ = {isa = PBXFileReference; lastKnownFileType = image.png; path = icon7.png; sourceTree = "<group>"; };
		943517DA1CE4760100510963 /* tier_bg.png */ = {isa = PBXFileReference; lastKnownFileType = image.png; path = tier_bg.png; sourceTree = "<group>"; };
		943517DC1CE4785500510963 /* tapBossView.h */ = {isa = PBXFileReference; fileEncoding = 4; lastKnownFileType = sourcecode.c.h; path = tapBossView.h; sourceTree = "<group>"; };
		943517DD1CE4785500510963 /* tapBossView.m */ = {isa = PBXFileReference; fileEncoding = 4; lastKnownFileType = sourcecode.c.objc; path = tapBossView.m; sourceTree = "<group>"; };
		943517DF1CE478FA00510963 /* tapBossView.xib */ = {isa = PBXFileReference; fileEncoding = 4; lastKnownFileType = file.xib; path = tapBossView.xib; sourceTree = "<group>"; };
		9442ECBC1CC7810300859422 /* VLDContextSheetItem.h */ = {isa = PBXFileReference; fileEncoding = 4; lastKnownFileType = sourcecode.c.h; path = VLDContextSheetItem.h; sourceTree = "<group>"; };
		9442ECBD1CC7810300859422 /* VLDContextSheetItem.m */ = {isa = PBXFileReference; fileEncoding = 4; lastKnownFileType = sourcecode.c.objc; path = VLDContextSheetItem.m; sourceTree = "<group>"; };
		9442ECBE1CC7810300859422 /* VLDContextSheetItemView.h */ = {isa = PBXFileReference; fileEncoding = 4; lastKnownFileType = sourcecode.c.h; path = VLDContextSheetItemView.h; sourceTree = "<group>"; };
		9442ECBF1CC7810300859422 /* VLDContextSheetItemView.m */ = {isa = PBXFileReference; fileEncoding = 4; lastKnownFileType = sourcecode.c.objc; path = VLDContextSheetItemView.m; sourceTree = "<group>"; };
		9442ECC01CC7810300859422 /* VLDContextSheet.h */ = {isa = PBXFileReference; fileEncoding = 4; lastKnownFileType = sourcecode.c.h; path = VLDContextSheet.h; sourceTree = "<group>"; };
		9442ECC11CC7810300859422 /* VLDContextSheet.m */ = {isa = PBXFileReference; fileEncoding = 4; lastKnownFileType = sourcecode.c.objc; path = VLDContextSheet.m; sourceTree = "<group>"; };
		9447DA241CA278DD0009AA60 /* MultLevelMeun.h */ = {isa = PBXFileReference; fileEncoding = 4; lastKnownFileType = sourcecode.c.h; path = MultLevelMeun.h; sourceTree = "<group>"; };
		9447DA251CA278DD0009AA60 /* MultLevelMeun.m */ = {isa = PBXFileReference; fileEncoding = 4; lastKnownFileType = sourcecode.c.objc; path = MultLevelMeun.m; sourceTree = "<group>"; };
		9447DA281CA2841B0009AA60 /* RightCellCollectionViewCell.h */ = {isa = PBXFileReference; fileEncoding = 4; lastKnownFileType = sourcecode.c.h; path = RightCellCollectionViewCell.h; sourceTree = "<group>"; };
		9447DA291CA2841B0009AA60 /* RightCellCollectionViewCell.m */ = {isa = PBXFileReference; fileEncoding = 4; lastKnownFileType = sourcecode.c.objc; path = RightCellCollectionViewCell.m; sourceTree = "<group>"; };
		9447DA2A1CA2841B0009AA60 /* RightCellCollectionViewCell.xib */ = {isa = PBXFileReference; fileEncoding = 4; lastKnownFileType = file.xib; path = RightCellCollectionViewCell.xib; sourceTree = "<group>"; };
		9447DA2D1CA284370009AA60 /* LeftCell.h */ = {isa = PBXFileReference; fileEncoding = 4; lastKnownFileType = sourcecode.c.h; path = LeftCell.h; sourceTree = "<group>"; };
		9447DA2E1CA284370009AA60 /* LeftCell.m */ = {isa = PBXFileReference; fileEncoding = 4; lastKnownFileType = sourcecode.c.objc; path = LeftCell.m; sourceTree = "<group>"; };
		9447DA2F1CA284370009AA60 /* LeftCell.xib */ = {isa = PBXFileReference; fileEncoding = 4; lastKnownFileType = file.xib; path = LeftCell.xib; sourceTree = "<group>"; };
		9447DA321CA284630009AA60 /* RightHeadView.h */ = {isa = PBXFileReference; fileEncoding = 4; lastKnownFileType = sourcecode.c.h; path = RightHeadView.h; sourceTree = "<group>"; };
		9447DA331CA284630009AA60 /* RightHeadView.m */ = {isa = PBXFileReference; fileEncoding = 4; lastKnownFileType = sourcecode.c.objc; path = RightHeadView.m; sourceTree = "<group>"; };
		9447DA351CA284DC0009AA60 /* RightHeadView.xib */ = {isa = PBXFileReference; fileEncoding = 4; lastKnownFileType = file.xib; path = RightHeadView.xib; sourceTree = "<group>"; };
		947B97CB1CB79BAB001C5B98 /* TWSpringyFlowLayout.h */ = {isa = PBXFileReference; fileEncoding = 4; lastKnownFileType = sourcecode.c.h; path = TWSpringyFlowLayout.h; sourceTree = "<group>"; };
		947B97CC1CB79BAB001C5B98 /* TWSpringyFlowLayout.m */ = {isa = PBXFileReference; fileEncoding = 4; lastKnownFileType = sourcecode.c.objc; path = TWSpringyFlowLayout.m; sourceTree = "<group>"; };
		947B97CE1CB79D3F001C5B98 /* messages_bg_2.png */ = {isa = PBXFileReference; lastKnownFileType = image.png; path = messages_bg_2.png; sourceTree = "<group>"; };
		947B97CF1CB79D3F001C5B98 /* messages_bg_2@2x.png */ = {isa = PBXFileReference; lastKnownFileType = image.png; path = "messages_bg_2@2x.png"; sourceTree = "<group>"; };
		947B97D21CB79F00001C5B98 /* TWMessageViewCell.h */ = {isa = PBXFileReference; fileEncoding = 4; lastKnownFileType = sourcecode.c.h; path = TWMessageViewCell.h; sourceTree = "<group>"; };
		947B97D31CB79F00001C5B98 /* TWMessageViewCell.m */ = {isa = PBXFileReference; fileEncoding = 4; lastKnownFileType = sourcecode.c.objc; path = TWMessageViewCell.m; sourceTree = "<group>"; };
		947BC0921CA4FEA300AAFEB4 /* libsqlite3.tbd */ = {isa = PBXFileReference; lastKnownFileType = "sourcecode.text-based-dylib-definition"; name = libsqlite3.tbd; path = usr/lib/libsqlite3.tbd; sourceTree = SDKROOT; };
		947BC09A1CA5316F00AAFEB4 /* DatabaseManager.h */ = {isa = PBXFileReference; fileEncoding = 4; lastKnownFileType = sourcecode.c.h; path = DatabaseManager.h; sourceTree = "<group>"; };
		947BC09B1CA5316F00AAFEB4 /* DatabaseManager.m */ = {isa = PBXFileReference; fileEncoding = 4; lastKnownFileType = sourcecode.c.objc; path = DatabaseManager.m; sourceTree = "<group>"; };
		9499FDDB1CB3A1A6000C8856 /* EquipmentChartViewController.h */ = {isa = PBXFileReference; fileEncoding = 4; lastKnownFileType = sourcecode.c.h; path = EquipmentChartViewController.h; sourceTree = "<group>"; };
		9499FDDC1CB3A1A6000C8856 /* EquipmentChartViewController.m */ = {isa = PBXFileReference; fileEncoding = 4; lastKnownFileType = sourcecode.c.objc; path = EquipmentChartViewController.m; sourceTree = "<group>"; };
		94B42AA11CC09343007117B8 /* TWMessageViewCell.xib */ = {isa = PBXFileReference; fileEncoding = 4; lastKnownFileType = file.xib; path = TWMessageViewCell.xib; sourceTree = "<group>"; };
		94B4A1DC1CE4123D0062F27D /* vindicyusdb.db */ = {isa = PBXFileReference; lastKnownFileType = file; path = vindicyusdb.db; sourceTree = "<group>"; };
		94B4A1E11CE422AE0062F27D /* tapEquipmentView.h */ = {isa = PBXFileReference; fileEncoding = 4; lastKnownFileType = sourcecode.c.h; path = tapEquipmentView.h; sourceTree = "<group>"; };
		94B4A1E21CE422AE0062F27D /* tapEquipmentView.m */ = {isa = PBXFileReference; fileEncoding = 4; lastKnownFileType = sourcecode.c.objc; path = tapEquipmentView.m; sourceTree = "<group>"; };
		94B4A1E61CE422C00062F27D /* tapEquipmentView.xib */ = {isa = PBXFileReference; fileEncoding = 4; lastKnownFileType = file.xib; path = tapEquipmentView.xib; sourceTree = "<group>"; };
		94B4A1ED1CE431160062F27D /* MASCompositeConstraint.h */ = {isa = PBXFileReference; fileEncoding = 4; lastKnownFileType = sourcecode.c.h; path = MASCompositeConstraint.h; sourceTree = "<group>"; };
		94B4A1EE1CE431160062F27D /* MASCompositeConstraint.m */ = {isa = PBXFileReference; fileEncoding = 4; lastKnownFileType = sourcecode.c.objc; path = MASCompositeConstraint.m; sourceTree = "<group>"; };
		94B4A1EF1CE431160062F27D /* MASConstraint+Private.h */ = {isa = PBXFileReference; fileEncoding = 4; lastKnownFileType = sourcecode.c.h; path = "MASConstraint+Private.h"; sourceTree = "<group>"; };
		94B4A1F01CE431160062F27D /* MASConstraint.h */ = {isa = PBXFileReference; fileEncoding = 4; lastKnownFileType = sourcecode.c.h; path = MASConstraint.h; sourceTree = "<group>"; };
		94B4A1F11CE431160062F27D /* MASConstraint.m */ = {isa = PBXFileReference; fileEncoding = 4; lastKnownFileType = sourcecode.c.objc; path = MASConstraint.m; sourceTree = "<group>"; };
		94B4A1F21CE431160062F27D /* MASConstraintMaker.h */ = {isa = PBXFileReference; fileEncoding = 4; lastKnownFileType = sourcecode.c.h; path = MASConstraintMaker.h; sourceTree = "<group>"; };
		94B4A1F31CE431160062F27D /* MASConstraintMaker.m */ = {isa = PBXFileReference; fileEncoding = 4; lastKnownFileType = sourcecode.c.objc; path = MASConstraintMaker.m; sourceTree = "<group>"; };
		94B4A1F41CE431160062F27D /* MASLayoutConstraint.h */ = {isa = PBXFileReference; fileEncoding = 4; lastKnownFileType = sourcecode.c.h; path = MASLayoutConstraint.h; sourceTree = "<group>"; };
		94B4A1F51CE431160062F27D /* MASLayoutConstraint.m */ = {isa = PBXFileReference; fileEncoding = 4; lastKnownFileType = sourcecode.c.objc; path = MASLayoutConstraint.m; sourceTree = "<group>"; };
		94B4A1F61CE431160062F27D /* Masonry.h */ = {isa = PBXFileReference; fileEncoding = 4; lastKnownFileType = sourcecode.c.h; path = Masonry.h; sourceTree = "<group>"; };
		94B4A1F71CE431160062F27D /* MASUtilities.h */ = {isa = PBXFileReference; fileEncoding = 4; lastKnownFileType = sourcecode.c.h; path = MASUtilities.h; sourceTree = "<group>"; };
		94B4A1F81CE431160062F27D /* MASViewAttribute.h */ = {isa = PBXFileReference; fileEncoding = 4; lastKnownFileType = sourcecode.c.h; path = MASViewAttribute.h; sourceTree = "<group>"; };
		94B4A1F91CE431160062F27D /* MASViewAttribute.m */ = {isa = PBXFileReference; fileEncoding = 4; lastKnownFileType = sourcecode.c.objc; path = MASViewAttribute.m; sourceTree = "<group>"; };
		94B4A1FA1CE431160062F27D /* MASViewConstraint.h */ = {isa = PBXFileReference; fileEncoding = 4; lastKnownFileType = sourcecode.c.h; path = MASViewConstraint.h; sourceTree = "<group>"; };
		94B4A1FB1CE431160062F27D /* MASViewConstraint.m */ = {isa = PBXFileReference; fileEncoding = 4; lastKnownFileType = sourcecode.c.objc; path = MASViewConstraint.m; sourceTree = "<group>"; };
		94B4A1FC1CE431160062F27D /* NSArray+MASAdditions.h */ = {isa = PBXFileReference; fileEncoding = 4; lastKnownFileType = sourcecode.c.h; path = "NSArray+MASAdditions.h"; sourceTree = "<group>"; };
		94B4A1FD1CE431160062F27D /* NSArray+MASAdditions.m */ = {isa = PBXFileReference; fileEncoding = 4; lastKnownFileType = sourcecode.c.objc; path = "NSArray+MASAdditions.m"; sourceTree = "<group>"; };
		94B4A1FE1CE431160062F27D /* NSArray+MASShorthandAdditions.h */ = {isa = PBXFileReference; fileEncoding = 4; lastKnownFileType = sourcecode.c.h; path = "NSArray+MASShorthandAdditions.h"; sourceTree = "<group>"; };
		94B4A1FF1CE431160062F27D /* NSLayoutConstraint+MASDebugAdditions.h */ = {isa = PBXFileReference; fileEncoding = 4; lastKnownFileType = sourcecode.c.h; path = "NSLayoutConstraint+MASDebugAdditions.h"; sourceTree = "<group>"; };
		94B4A2001CE431160062F27D /* NSLayoutConstraint+MASDebugAdditions.m */ = {isa = PBXFileReference; fileEncoding = 4; lastKnownFileType = sourcecode.c.objc; path = "NSLayoutConstraint+MASDebugAdditions.m"; sourceTree = "<group>"; };
		94B4A2011CE431160062F27D /* View+MASAdditions.h */ = {isa = PBXFileReference; fileEncoding = 4; lastKnownFileType = sourcecode.c.h; path = "View+MASAdditions.h"; sourceTree = "<group>"; };
		94B4A2021CE431160062F27D /* View+MASAdditions.m */ = {isa = PBXFileReference; fileEncoding = 4; lastKnownFileType = sourcecode.c.objc; path = "View+MASAdditions.m"; sourceTree = "<group>"; };
		94B4A2031CE431160062F27D /* View+MASShorthandAdditions.h */ = {isa = PBXFileReference; fileEncoding = 4; lastKnownFileType = sourcecode.c.h; path = "View+MASShorthandAdditions.h"; sourceTree = "<group>"; };
		94CEF6CE1CB62E1C004356C1 /* TitleViewController.h */ = {isa = PBXFileReference; fileEncoding = 4; lastKnownFileType = sourcecode.c.h; path = TitleViewController.h; sourceTree = "<group>"; };
		94CEF6CF1CB62E1C004356C1 /* TitleViewController.m */ = {isa = PBXFileReference; fileEncoding = 4; lastKnownFileType = sourcecode.c.objc; path = TitleViewController.m; sourceTree = "<group>"; };
		94CEF6D11CB62ECA004356C1 /* LLAnimationManager.h */ = {isa = PBXFileReference; fileEncoding = 4; lastKnownFileType = sourcecode.c.h; path = LLAnimationManager.h; sourceTree = "<group>"; };
		94CEF6D21CB62ECA004356C1 /* LLAnimationManager.m */ = {isa = PBXFileReference; fileEncoding = 4; lastKnownFileType = sourcecode.c.objc; path = LLAnimationManager.m; sourceTree = "<group>"; };
		94CEF6D31CB62ECA004356C1 /* LLCircleLayer.h */ = {isa = PBXFileReference; fileEncoding = 4; lastKnownFileType = sourcecode.c.h; path = LLCircleLayer.h; sourceTree = "<group>"; };
		94CEF6D41CB62ECA004356C1 /* LLCircleLayer.m */ = {isa = PBXFileReference; fileEncoding = 4; lastKnownFileType = sourcecode.c.objc; path = LLCircleLayer.m; sourceTree = "<group>"; };
		94CEF6D51CB62ECA004356C1 /* LLDisplayLayer.h */ = {isa = PBXFileReference; fileEncoding = 4; lastKnownFileType = sourcecode.c.h; path = LLDisplayLayer.h; sourceTree = "<group>"; };
		94CEF6D61CB62ECA004356C1 /* LLDisplayLayer.m */ = {isa = PBXFileReference; fileEncoding = 4; lastKnownFileType = sourcecode.c.objc; path = LLDisplayLayer.m; sourceTree = "<group>"; };
		94CEF6D71CB62ECA004356C1 /* LLSlideMenu.h */ = {isa = PBXFileReference; fileEncoding = 4; lastKnownFileType = sourcecode.c.h; path = LLSlideMenu.h; sourceTree = "<group>"; };
		94CEF6D81CB62ECA004356C1 /* LLSlideMenu.m */ = {isa = PBXFileReference; fileEncoding = 4; lastKnownFileType = sourcecode.c.objc; path = LLSlideMenu.m; sourceTree = "<group>"; };
		94CEF6D91CB62ECA004356C1 /* UIView+SetRect.h */ = {isa = PBXFileReference; fileEncoding = 4; lastKnownFileType = sourcecode.c.h; path = "UIView+SetRect.h"; sourceTree = "<group>"; };
		94CEF6DA1CB62ECA004356C1 /* UIView+SetRect.m */ = {isa = PBXFileReference; fileEncoding = 4; lastKnownFileType = sourcecode.c.objc; path = "UIView+SetRect.m"; sourceTree = "<group>"; };
		94CEF6E31CB7517F004356C1 /* titleViewController2.h */ = {isa = PBXFileReference; fileEncoding = 4; lastKnownFileType = sourcecode.c.h; path = titleViewController2.h; sourceTree = "<group>"; };
		94CEF6E41CB7517F004356C1 /* titleViewController2.m */ = {isa = PBXFileReference; fileEncoding = 4; lastKnownFileType = sourcecode.c.objc; path = titleViewController2.m; sourceTree = "<group>"; };
		94D982531CB4F8DA006E5AFE /* UIColor+HexString.h */ = {isa = PBXFileReference; fileEncoding = 4; lastKnownFileType = sourcecode.c.h; name = "UIColor+HexString.h"; path = "FMDB/UIColor+HexString.h"; sourceTree = "<group>"; };
		94D982541CB4F8DA006E5AFE /* UIColor+HexString.m */ = {isa = PBXFileReference; fileEncoding = 4; lastKnownFileType = sourcecode.c.objc; name = "UIColor+HexString.m"; path = "FMDB/UIColor+HexString.m"; sourceTree = "<group>"; };
		94D982571CB502D4006E5AFE /* BOSSViewController.h */ = {isa = PBXFileReference; fileEncoding = 4; lastKnownFileType = sourcecode.c.h; path = BOSSViewController.h; sourceTree = "<group>"; };
		94D982581CB502D4006E5AFE /* BOSSViewController.m */ = {isa = PBXFileReference; fileEncoding = 4; lastKnownFileType = sourcecode.c.objc; path = BOSSViewController.m; sourceTree = "<group>"; };
		94FF61F91CE9972A00BE73CF /* TitilePopView.h */ = {isa = PBXFileReference; fileEncoding = 4; lastKnownFileType = sourcecode.c.h; path = TitilePopView.h; sourceTree = "<group>"; };
		94FF61FA1CE9972A00BE73CF /* TitilePopView.m */ = {isa = PBXFileReference; fileEncoding = 4; lastKnownFileType = sourcecode.c.objc; path = TitilePopView.m; sourceTree = "<group>"; };
		94FF61FC1CE9974E00BE73CF /* TitlePopView.xib */ = {isa = PBXFileReference; fileEncoding = 4; lastKnownFileType = file.xib; path = TitlePopView.xib; sourceTree = "<group>"; };
		94FF62011CE9C50000BE73CF /* EnchantViewController.h */ = {isa = PBXFileReference; fileEncoding = 4; lastKnownFileType = sourcecode.c.h; path = EnchantViewController.h; sourceTree = "<group>"; };
		94FF62021CE9C50000BE73CF /* EnchantViewController.m */ = {isa = PBXFileReference; fileEncoding = 4; lastKnownFileType = sourcecode.c.objc; path = EnchantViewController.m; sourceTree = "<group>"; };
		BA51EFF71CC1D88C0096B353 /* PrefixHeader.pch */ = {isa = PBXFileReference; fileEncoding = 4; lastKnownFileType = sourcecode.c.h; path = PrefixHeader.pch; sourceTree = "<group>"; };
		BA51EFF81CC1D8FE0096B353 /* CommonDefine.h */ = {isa = PBXFileReference; fileEncoding = 4; lastKnownFileType = sourcecode.c.h; path = CommonDefine.h; sourceTree = "<group>"; };
		BA51EFF91CC1D9580096B353 /* NewsDetailViewController.h */ = {isa = PBXFileReference; fileEncoding = 4; lastKnownFileType = sourcecode.c.h; path = NewsDetailViewController.h; sourceTree = "<group>"; };
		BA51EFFA1CC1D9580096B353 /* NewsDetailViewController.m */ = {isa = PBXFileReference; fileEncoding = 4; lastKnownFileType = sourcecode.c.objc; path = NewsDetailViewController.m; sourceTree = "<group>"; };
		BA51F0011CC1DD400096B353 /* UIView+Ext.h */ = {isa = PBXFileReference; fileEncoding = 4; lastKnownFileType = sourcecode.c.h; path = "UIView+Ext.h"; sourceTree = "<group>"; };
		BA51F0021CC1DD400096B353 /* UIView+Ext.m */ = {isa = PBXFileReference; fileEncoding = 4; lastKnownFileType = sourcecode.c.objc; path = "UIView+Ext.m"; sourceTree = "<group>"; };
/* End PBXFileReference section */

/* Begin PBXFrameworksBuildPhase section */
		9412F7681CA229E50037F461 /* Frameworks */ = {
			isa = PBXFrameworksBuildPhase;
			buildActionMask = 2147483647;
			files = (
				947BC0931CA4FEA300AAFEB4 /* libsqlite3.tbd in Frameworks */,
				A6C6246B0C32738962F8F1EE /* libPods.a in Frameworks */,
			);
			runOnlyForDeploymentPostprocessing = 0;
		};
		9412F7811CA229E50037F461 /* Frameworks */ = {
			isa = PBXFrameworksBuildPhase;
			buildActionMask = 2147483647;
			files = (
			);
			runOnlyForDeploymentPostprocessing = 0;
		};
		9412F78C1CA229E60037F461 /* Frameworks */ = {
			isa = PBXFrameworksBuildPhase;
			buildActionMask = 2147483647;
			files = (
			);
			runOnlyForDeploymentPostprocessing = 0;
		};
/* End PBXFrameworksBuildPhase section */

/* Begin PBXGroup section */
		50D9D77F1CA6BB05002A6390 /* Model */ = {
			isa = PBXGroup;
			children = (
				50D9D7891CA6C569002A6390 /* TitleModel.h */,
				50D9D78A1CA6C569002A6390 /* TitleModel.m */,
				50D9D78C1CA6C58C002A6390 /* EquipmentModel.h */,
				50D9D78D1CA6C58C002A6390 /* EquipmentModel.m */,
			);
			name = Model;
			sourceTree = "<group>";
		};
		50F0870B1CA4E868005352B7 /* FMDB */ = {
			isa = PBXGroup;
			children = (
				50F0870C1CA4E868005352B7 /* FMDatabase.h */,
				50F0870D1CA4E868005352B7 /* FMDatabase.m */,
				50F0870E1CA4E868005352B7 /* FMDatabaseAdditions.h */,
				50F0870F1CA4E868005352B7 /* FMDatabaseAdditions.m */,
				50F087101CA4E868005352B7 /* FMDatabasePool.h */,
				50F087111CA4E868005352B7 /* FMDatabasePool.m */,
				50F087121CA4E868005352B7 /* FMDatabaseQueue.h */,
				50F087131CA4E868005352B7 /* FMDatabaseQueue.m */,
				50F087141CA4E868005352B7 /* FMDB.h */,
				50F087151CA4E868005352B7 /* FMResultSet.h */,
				50F087161CA4E868005352B7 /* FMResultSet.m */,
			);
			path = FMDB;
			sourceTree = "<group>";
		};
		57721C96BCC6A77057DEF060 /* Pods */ = {
			isa = PBXGroup;
			children = (
				257B5762312E00D3F6E4D14D /* Pods.debug.xcconfig */,
				659503FF966D389EC7124B8E /* Pods.release.xcconfig */,
			);
			name = Pods;
			sourceTree = "<group>";
		};
		7E6447330E01E06EB6D895C3 /* Frameworks */ = {
			isa = PBXGroup;
			children = (
				478172978367723FBD963348 /* libPods.a */,
			);
			name = Frameworks;
			sourceTree = "<group>";
		};
		940B473E1CA8E6DF00AFF747 /* 装备 */ = {
			isa = PBXGroup;
			children = (
				9499FDDB1CB3A1A6000C8856 /* EquipmentChartViewController.h */,
				9499FDDC1CB3A1A6000C8856 /* EquipmentChartViewController.m */,
			);
			name = "装备";
			sourceTree = "<group>";
		};
		940B47431CA8E73600AFF747 /* 副本 */ = {
			isa = PBXGroup;
			children = (
				94D982571CB502D4006E5AFE /* BOSSViewController.h */,
				94D982581CB502D4006E5AFE /* BOSSViewController.m */,
			);
			name = "副本";
			sourceTree = "<group>";
		};
		940B47441CA8E78C00AFF747 /* 附魔 */ = {
			isa = PBXGroup;
			children = (
				94FF62011CE9C50000BE73CF /* EnchantViewController.h */,
				94FF62021CE9C50000BE73CF /* EnchantViewController.m */,
			);
			name = "附魔";
			sourceTree = "<group>";
		};
		940B47451CA8E88600AFF747 /* 头衔 */ = {
			isa = PBXGroup;
			children = (
				94CEF6E11CB75149004356C1 /* 头衔图标样式1 */,
				94CEF6E21CB75157004356C1 /* 头衔图标样式2 */,
				942A9B491CC8681D001A201F /* 头衔图表样式3 */,
			);
			name = "头衔";
			sourceTree = "<group>";
		};
		940D00511CC627F1004F3E23 /* 功能菜单1 */ = {
			isa = PBXGroup;
			children = (
				940D00521CC62803004F3E23 /* CNPGridMenu.h */,
				940D00531CC62803004F3E23 /* CNPGridMenu.m */,
			);
			name = "功能菜单1";
			sourceTree = "<group>";
		};
		9412F7621CA229E50037F461 = {
			isa = PBXGroup;
			children = (
				9412F76D1CA229E50037F461 /* Mabinogi_heroes */,
				9412F7871CA229E50037F461 /* Mabinogi_heroesTests */,
				9412F7921CA229E60037F461 /* Mabinogi_heroesUITests */,
				9412F76C1CA229E50037F461 /* Products */,
				57721C96BCC6A77057DEF060 /* Pods */,
				7E6447330E01E06EB6D895C3 /* Frameworks */,
			);
			sourceTree = "<group>";
		};
		9412F76C1CA229E50037F461 /* Products */ = {
			isa = PBXGroup;
			children = (
				9412F76B1CA229E50037F461 /* Mabinogi_heroes.app */,
				9412F7841CA229E50037F461 /* Mabinogi_heroesTests.xctest */,
				9412F78F1CA229E60037F461 /* Mabinogi_heroesUITests.xctest */,
			);
			name = Products;
			sourceTree = "<group>";
		};
		9412F76D1CA229E50037F461 /* Mabinogi_heroes */ = {
			isa = PBXGroup;
			children = (
				9412F7BD1CA240A50037F461 /* Tabbar */,
				50D9D77F1CA6BB05002A6390 /* Model */,
				BA51EFFE1CC1D9860096B353 /* Tools */,
				9412F7711CA229E50037F461 /* AppDelegate.h */,
				9412F7721CA229E50037F461 /* AppDelegate.m */,
				9412F7771CA229E50037F461 /* Main.storyboard */,
				9412F77C1CA229E50037F461 /* LaunchScreen.storyboard */,
				9412F77F1CA229E50037F461 /* Info.plist */,
				9412F76E1CA229E50037F461 /* Supporting Files */,
			);
			path = Mabinogi_heroes;
			sourceTree = "<group>";
		};
		9412F76E1CA229E50037F461 /* Supporting Files */ = {
			isa = PBXGroup;
			children = (
				BA51EFFF1CC1D9E70096B353 /* DataBase */,
				9412F77A1CA229E50037F461 /* Assets.xcassets */,
				9412F76F1CA229E50037F461 /* main.m */,
				BA51EFF71CC1D88C0096B353 /* PrefixHeader.pch */,
				BA51EFF81CC1D8FE0096B353 /* CommonDefine.h */,
			);
			name = "Supporting Files";
			sourceTree = "<group>";
		};
		9412F7871CA229E50037F461 /* Mabinogi_heroesTests */ = {
			isa = PBXGroup;
			children = (
				9412F7881CA229E50037F461 /* Mabinogi_heroesTests.m */,
				9412F78A1CA229E50037F461 /* Info.plist */,
			);
			path = Mabinogi_heroesTests;
			sourceTree = "<group>";
		};
		9412F7921CA229E60037F461 /* Mabinogi_heroesUITests */ = {
			isa = PBXGroup;
			children = (
				9412F7931CA229E60037F461 /* Mabinogi_heroesUITests.m */,
				9412F7951CA229E60037F461 /* Info.plist */,
			);
			path = Mabinogi_heroesUITests;
			sourceTree = "<group>";
		};
		9412F7A11CA232CA0037F461 /* News */ = {
			isa = PBXGroup;
			children = (
				9412F7B11CA236EF0037F461 /* NewsViewController.h */,
				9412F7B21CA236EF0037F461 /* NewsViewController.m */,
				BA51EFF91CC1D9580096B353 /* NewsDetailViewController.h */,
				BA51EFFA1CC1D9580096B353 /* NewsDetailViewController.m */,
			);
			name = News;
			sourceTree = "<group>";
		};
		9412F7A21CA232DA0037F461 /* Data */ = {
			isa = PBXGroup;
			children = (
				9412F7B41CA236FC0037F461 /* DataViewController.h */,
				9412F7B51CA236FC0037F461 /* DataViewController.m */,
				940B473E1CA8E6DF00AFF747 /* 装备 */,
				940B47431CA8E73600AFF747 /* 副本 */,
				940B47441CA8E78C00AFF747 /* 附魔 */,
				940B47451CA8E88600AFF747 /* 头衔 */,
			);
			name = Data;
			sourceTree = "<group>";
		};
		9412F7A31CA232F60037F461 /* 友盟微社区 */ = {
			isa = PBXGroup;
			children = (
				9412F7B71CA237360037F461 /* CommunityViewController.h */,
				9412F7B81CA237360037F461 /* CommunityViewController.m */,
			);
			name = "友盟微社区";
			sourceTree = "<group>";
		};
		9412F7BD1CA240A50037F461 /* Tabbar */ = {
			isa = PBXGroup;
			children = (
				9412F7A11CA232CA0037F461 /* News */,
				9412F7A21CA232DA0037F461 /* Data */,
				9412F7A31CA232F60037F461 /* 友盟微社区 */,
				9412F7BE1CA240D50037F461 /* MainTabbarViewController.h */,
				9412F7BF1CA240D50037F461 /* MainTabbarViewController.m */,
			);
			name = Tabbar;
			sourceTree = "<group>";
		};
		942A9B491CC8681D001A201F /* 头衔图表样式3 */ = {
			isa = PBXGroup;
			children = (
				94FF61F81CE996F800BE73CF /* View */,
				942A9B581CC86A21001A201F /* Title3ViewController.h */,
				942A9B591CC86A21001A201F /* Title3ViewController.m */,
			);
			name = "头衔图表样式3";
			sourceTree = "<group>";
		};
		942A9B4A1CC869CF001A201F /* RippleTableViewController */ = {
			isa = PBXGroup;
			children = (
				942A9B4B1CC869CF001A201F /* GLIRViewController.h */,
				942A9B4C1CC869CF001A201F /* GLIRViewController.m */,
				942A9B4D1CC869CF001A201F /* RippleModel.h */,
				942A9B4E1CC869CF001A201F /* RippleModel.m */,
				942A9B4F1CC869CF001A201F /* RippleTableViewController.h */,
				942A9B501CC869CF001A201F /* RippleTableViewController.m */,
				942A9B511CC869CF001A201F /* Shader.fsh */,
				942A9B521CC869CF001A201F /* Shader.vsh */,
			);
			path = RippleTableViewController;
			sourceTree = "<group>";
		};
		942A9B5B1CC872AA001A201F /* btSimpleSideMenu */ = {
			isa = PBXGroup;
			children = (
				942A9B621CC87991001A201F /* images */,
				942A9B5C1CC872AA001A201F /* btSimpleMenuItem.h */,
				942A9B5D1CC872AA001A201F /* btSimpleMenuItem.m */,
				942A9B5E1CC872AA001A201F /* btSimpleSideMenu.h */,
				942A9B5F1CC872AA001A201F /* btSimpleSideMenu.m */,
			);
			path = btSimpleSideMenu;
			sourceTree = "<group>";
		};
		942A9B621CC87991001A201F /* images */ = {
			isa = PBXGroup;
			children = (
				942A9B631CC87991001A201F /* icon1.png */,
				942A9B641CC87991001A201F /* icon2.png */,
				942A9B651CC87991001A201F /* icon3.png */,
				942A9B661CC87991001A201F /* icon4.png */,
				942A9B671CC87991001A201F /* icon5.png */,
				942A9B681CC87991001A201F /* icon6.png */,
				942A9B691CC87991001A201F /* icon7.png */,
			);
			path = images;
			sourceTree = "<group>";
		};
		9442ECC51CC7810700859422 /* 长按动画按钮 */ = {
			isa = PBXGroup;
			children = (
				9442ECBC1CC7810300859422 /* VLDContextSheetItem.h */,
				9442ECBD1CC7810300859422 /* VLDContextSheetItem.m */,
				9442ECBE1CC7810300859422 /* VLDContextSheetItemView.h */,
				9442ECBF1CC7810300859422 /* VLDContextSheetItemView.m */,
				9442ECC01CC7810300859422 /* VLDContextSheet.h */,
				9442ECC11CC7810300859422 /* VLDContextSheet.m */,
			);
			name = "长按动画按钮";
			sourceTree = "<group>";
		};
		9447DA231CA276E00009AA60 /* 混合三级视图 */ = {
			isa = PBXGroup;
			children = (
				94B4A1E01CE422020062F27D /* view&Xib */,
				9447DA271CA283940009AA60 /* cell */,
				943517DA1CE4760100510963 /* tier_bg.png */,
				9447DA241CA278DD0009AA60 /* MultLevelMeun.h */,
				9447DA251CA278DD0009AA60 /* MultLevelMeun.m */,
			);
			name = "混合三级视图";
			sourceTree = "<group>";
		};
		9447DA271CA283940009AA60 /* cell */ = {
			isa = PBXGroup;
			children = (
				9447DA281CA2841B0009AA60 /* RightCellCollectionViewCell.h */,
				9447DA291CA2841B0009AA60 /* RightCellCollectionViewCell.m */,
				9447DA2A1CA2841B0009AA60 /* RightCellCollectionViewCell.xib */,
				9447DA2D1CA284370009AA60 /* LeftCell.h */,
				9447DA2E1CA284370009AA60 /* LeftCell.m */,
				9447DA2F1CA284370009AA60 /* LeftCell.xib */,
				9447DA321CA284630009AA60 /* RightHeadView.h */,
				9447DA331CA284630009AA60 /* RightHeadView.m */,
				9447DA351CA284DC0009AA60 /* RightHeadView.xib */,
			);
			name = cell;
			sourceTree = "<group>";
		};
		947B97CA1CB79B80001C5B98 /* TWmessage */ = {
			isa = PBXGroup;
			children = (
				947B97D21CB79F00001C5B98 /* TWMessageViewCell.h */,
				947B97D31CB79F00001C5B98 /* TWMessageViewCell.m */,
				94B42AA11CC09343007117B8 /* TWMessageViewCell.xib */,
				947B97CE1CB79D3F001C5B98 /* messages_bg_2.png */,
				947B97CF1CB79D3F001C5B98 /* messages_bg_2@2x.png */,
				947B97CB1CB79BAB001C5B98 /* TWSpringyFlowLayout.h */,
				947B97CC1CB79BAB001C5B98 /* TWSpringyFlowLayout.m */,
			);
			name = TWmessage;
			sourceTree = "<group>";
		};
		947BC0991CA5312A00AAFEB4 /* DatabaseManager */ = {
			isa = PBXGroup;
			children = (
				947BC09A1CA5316F00AAFEB4 /* DatabaseManager.h */,
				947BC09B1CA5316F00AAFEB4 /* DatabaseManager.m */,
			);
			name = DatabaseManager;
			sourceTree = "<group>";
		};
		94B4A1E01CE422020062F27D /* view&Xib */ = {
			isa = PBXGroup;
			children = (
				94B4A1E11CE422AE0062F27D /* tapEquipmentView.h */,
				94B4A1E21CE422AE0062F27D /* tapEquipmentView.m */,
				94B4A1E61CE422C00062F27D /* tapEquipmentView.xib */,
				943517DC1CE4785500510963 /* tapBossView.h */,
				943517DD1CE4785500510963 /* tapBossView.m */,
				943517DF1CE478FA00510963 /* tapBossView.xib */,
			);
			name = "view&Xib";
			sourceTree = "<group>";
		};
		94B4A1EC1CE431160062F27D /* Masonry */ = {
			isa = PBXGroup;
			children = (
				94B4A1ED1CE431160062F27D /* MASCompositeConstraint.h */,
				94B4A1EE1CE431160062F27D /* MASCompositeConstraint.m */,
				94B4A1EF1CE431160062F27D /* MASConstraint+Private.h */,
				94B4A1F01CE431160062F27D /* MASConstraint.h */,
				94B4A1F11CE431160062F27D /* MASConstraint.m */,
				94B4A1F21CE431160062F27D /* MASConstraintMaker.h */,
				94B4A1F31CE431160062F27D /* MASConstraintMaker.m */,
				94B4A1F41CE431160062F27D /* MASLayoutConstraint.h */,
				94B4A1F51CE431160062F27D /* MASLayoutConstraint.m */,
				94B4A1F61CE431160062F27D /* Masonry.h */,
				94B4A1F71CE431160062F27D /* MASUtilities.h */,
				94B4A1F81CE431160062F27D /* MASViewAttribute.h */,
				94B4A1F91CE431160062F27D /* MASViewAttribute.m */,
				94B4A1FA1CE431160062F27D /* MASViewConstraint.h */,
				94B4A1FB1CE431160062F27D /* MASViewConstraint.m */,
				94B4A1FC1CE431160062F27D /* NSArray+MASAdditions.h */,
				94B4A1FD1CE431160062F27D /* NSArray+MASAdditions.m */,
				94B4A1FE1CE431160062F27D /* NSArray+MASShorthandAdditions.h */,
				94B4A1FF1CE431160062F27D /* NSLayoutConstraint+MASDebugAdditions.h */,
				94B4A2001CE431160062F27D /* NSLayoutConstraint+MASDebugAdditions.m */,
				94B4A2011CE431160062F27D /* View+MASAdditions.h */,
				94B4A2021CE431160062F27D /* View+MASAdditions.m */,
				94B4A2031CE431160062F27D /* View+MASShorthandAdditions.h */,
			);
			path = Masonry;
			sourceTree = "<group>";
		};
		94CEF6E01CB62ED5004356C1 /* LL侧滑 */ = {
			isa = PBXGroup;
			children = (
				94CEF6D11CB62ECA004356C1 /* LLAnimationManager.h */,
				94CEF6D21CB62ECA004356C1 /* LLAnimationManager.m */,
				94CEF6D31CB62ECA004356C1 /* LLCircleLayer.h */,
				94CEF6D41CB62ECA004356C1 /* LLCircleLayer.m */,
				94CEF6D51CB62ECA004356C1 /* LLDisplayLayer.h */,
				94CEF6D61CB62ECA004356C1 /* LLDisplayLayer.m */,
				94CEF6D71CB62ECA004356C1 /* LLSlideMenu.h */,
				94CEF6D81CB62ECA004356C1 /* LLSlideMenu.m */,
				94CEF6D91CB62ECA004356C1 /* UIView+SetRect.h */,
				94CEF6DA1CB62ECA004356C1 /* UIView+SetRect.m */,
			);
			name = "LL侧滑";
			sourceTree = "<group>";
		};
		94CEF6E11CB75149004356C1 /* 头衔图标样式1 */ = {
			isa = PBXGroup;
			children = (
				94CEF6CE1CB62E1C004356C1 /* TitleViewController.h */,
				94CEF6CF1CB62E1C004356C1 /* TitleViewController.m */,
			);
			name = "头衔图标样式1";
			sourceTree = "<group>";
		};
		94CEF6E21CB75157004356C1 /* 头衔图标样式2 */ = {
			isa = PBXGroup;
			children = (
				94CEF6E31CB7517F004356C1 /* titleViewController2.h */,
				94CEF6E41CB7517F004356C1 /* titleViewController2.m */,
			);
			name = "头衔图标样式2";
			sourceTree = "<group>";
		};
		94D982561CB4F8E2006E5AFE /* RBG */ = {
			isa = PBXGroup;
			children = (
				94D982531CB4F8DA006E5AFE /* UIColor+HexString.h */,
				94D982541CB4F8DA006E5AFE /* UIColor+HexString.m */,
			);
			name = RBG;
			sourceTree = "<group>";
		};
		94FF61F81CE996F800BE73CF /* View */ = {
			isa = PBXGroup;
			children = (
				94FF61F91CE9972A00BE73CF /* TitilePopView.h */,
				94FF61FA1CE9972A00BE73CF /* TitilePopView.m */,
				94FF61FC1CE9974E00BE73CF /* TitlePopView.xib */,
			);
			name = View;
			sourceTree = "<group>";
		};
		BA51EFFE1CC1D9860096B353 /* Tools */ = {
			isa = PBXGroup;
			children = (
				94B4A1EC1CE431160062F27D /* Masonry */,
				942A9B5B1CC872AA001A201F /* btSimpleSideMenu */,
				942A9B4A1CC869CF001A201F /* RippleTableViewController */,
				9442ECC51CC7810700859422 /* 长按动画按钮 */,
				940D00511CC627F1004F3E23 /* 功能菜单1 */,
				BA51F0001CC1DD220096B353 /* ViewExt */,
				947BC0991CA5312A00AAFEB4 /* DatabaseManager */,
				947B97CA1CB79B80001C5B98 /* TWmessage */,
				94CEF6E01CB62ED5004356C1 /* LL侧滑 */,
				94D982561CB4F8E2006E5AFE /* RBG */,
				9447DA231CA276E00009AA60 /* 混合三级视图 */,
				50F0870B1CA4E868005352B7 /* FMDB */,
			);
			name = Tools;
			sourceTree = "<group>";
		};
		BA51EFFF1CC1D9E70096B353 /* DataBase */ = {
			isa = PBXGroup;
			children = (
				94B4A1DC1CE4123D0062F27D /* vindicyusdb.db */,
				947BC0921CA4FEA300AAFEB4 /* libsqlite3.tbd */,
			);
			name = DataBase;
			sourceTree = "<group>";
		};
		BA51F0001CC1DD220096B353 /* ViewExt */ = {
			isa = PBXGroup;
			children = (
				BA51F0011CC1DD400096B353 /* UIView+Ext.h */,
				BA51F0021CC1DD400096B353 /* UIView+Ext.m */,
			);
			name = ViewExt;
			sourceTree = "<group>";
		};
/* End PBXGroup section */

/* Begin PBXNativeTarget section */
		9412F76A1CA229E50037F461 /* Mabinogi_heroes */ = {
			isa = PBXNativeTarget;
			buildConfigurationList = 9412F7981CA229E60037F461 /* Build configuration list for PBXNativeTarget "Mabinogi_heroes" */;
			buildPhases = (
				44433D14631F3E3E0EBF85D3 /* Check Pods Manifest.lock */,
				9412F7671CA229E50037F461 /* Sources */,
				9412F7681CA229E50037F461 /* Frameworks */,
				9412F7691CA229E50037F461 /* Resources */,
				9CD6B3078001F5092BCB115E /* Embed Pods Frameworks */,
				E03E756ECA7300220422E81E /* Copy Pods Resources */,
			);
			buildRules = (
			);
			dependencies = (
			);
			name = Mabinogi_heroes;
			productName = Mabinogi_heroes;
			productReference = 9412F76B1CA229E50037F461 /* Mabinogi_heroes.app */;
			productType = "com.apple.product-type.application";
		};
		9412F7831CA229E50037F461 /* Mabinogi_heroesTests */ = {
			isa = PBXNativeTarget;
			buildConfigurationList = 9412F79B1CA229E60037F461 /* Build configuration list for PBXNativeTarget "Mabinogi_heroesTests" */;
			buildPhases = (
				9412F7801CA229E50037F461 /* Sources */,
				9412F7811CA229E50037F461 /* Frameworks */,
				9412F7821CA229E50037F461 /* Resources */,
			);
			buildRules = (
			);
			dependencies = (
				9412F7861CA229E50037F461 /* PBXTargetDependency */,
			);
			name = Mabinogi_heroesTests;
			productName = Mabinogi_heroesTests;
			productReference = 9412F7841CA229E50037F461 /* Mabinogi_heroesTests.xctest */;
			productType = "com.apple.product-type.bundle.unit-test";
		};
		9412F78E1CA229E60037F461 /* Mabinogi_heroesUITests */ = {
			isa = PBXNativeTarget;
			buildConfigurationList = 9412F79E1CA229E60037F461 /* Build configuration list for PBXNativeTarget "Mabinogi_heroesUITests" */;
			buildPhases = (
				9412F78B1CA229E60037F461 /* Sources */,
				9412F78C1CA229E60037F461 /* Frameworks */,
				9412F78D1CA229E60037F461 /* Resources */,
			);
			buildRules = (
			);
			dependencies = (
				9412F7911CA229E60037F461 /* PBXTargetDependency */,
			);
			name = Mabinogi_heroesUITests;
			productName = Mabinogi_heroesUITests;
			productReference = 9412F78F1CA229E60037F461 /* Mabinogi_heroesUITests.xctest */;
			productType = "com.apple.product-type.bundle.ui-testing";
		};
/* End PBXNativeTarget section */

/* Begin PBXProject section */
		9412F7631CA229E50037F461 /* Project object */ = {
			isa = PBXProject;
			attributes = {
				LastUpgradeCheck = 0720;
				ORGANIZATIONNAME = baiyue;
				TargetAttributes = {
					9412F76A1CA229E50037F461 = {
						CreatedOnToolsVersion = 7.2.1;
					};
					9412F7831CA229E50037F461 = {
						CreatedOnToolsVersion = 7.2.1;
						DevelopmentTeam = 9Z92Q2DDAJ;
						TestTargetID = 9412F76A1CA229E50037F461;
					};
					9412F78E1CA229E60037F461 = {
						CreatedOnToolsVersion = 7.2.1;
						DevelopmentTeam = 9Z92Q2DDAJ;
						TestTargetID = 9412F76A1CA229E50037F461;
					};
				};
			};
			buildConfigurationList = 9412F7661CA229E50037F461 /* Build configuration list for PBXProject "Mabinogi_heroes" */;
			compatibilityVersion = "Xcode 3.2";
			developmentRegion = English;
			hasScannedForEncodings = 0;
			knownRegions = (
				en,
				Base,
			);
			mainGroup = 9412F7621CA229E50037F461;
			productRefGroup = 9412F76C1CA229E50037F461 /* Products */;
			projectDirPath = "";
			projectRoot = "";
			targets = (
				9412F76A1CA229E50037F461 /* Mabinogi_heroes */,
				9412F7831CA229E50037F461 /* Mabinogi_heroesTests */,
				9412F78E1CA229E60037F461 /* Mabinogi_heroesUITests */,
			);
		};
/* End PBXProject section */

/* Begin PBXResourcesBuildPhase section */
		9412F7691CA229E50037F461 /* Resources */ = {
			isa = PBXResourcesBuildPhase;
			buildActionMask = 2147483647;
			files = (
				9447DA311CA284370009AA60 /* LeftCell.xib in Resources */,
				942A9B561CC869CF001A201F /* Shader.fsh in Resources */,
				9447DA2C1CA2841B0009AA60 /* RightCellCollectionViewCell.xib in Resources */,
				947B97D11CB79D3F001C5B98 /* messages_bg_2@2x.png in Resources */,
				942A9B6B1CC87991001A201F /* icon2.png in Resources */,
				9412F77E1CA229E50037F461 /* LaunchScreen.storyboard in Resources */,
				943517DB1CE4760100510963 /* tier_bg.png in Resources */,
				94B42AA21CC09343007117B8 /* TWMessageViewCell.xib in Resources */,
				9412F77B1CA229E50037F461 /* Assets.xcassets in Resources */,
				942A9B6E1CC87991001A201F /* icon5.png in Resources */,
				94B4A1E71CE422C00062F27D /* tapEquipmentView.xib in Resources */,
				943517E01CE478FA00510963 /* tapBossView.xib in Resources */,
				942A9B6D1CC87991001A201F /* icon4.png in Resources */,
				942A9B571CC869CF001A201F /* Shader.vsh in Resources */,
				9447DA361CA284DC0009AA60 /* RightHeadView.xib in Resources */,
				942A9B701CC87991001A201F /* icon7.png in Resources */,
				947B97D01CB79D3F001C5B98 /* messages_bg_2.png in Resources */,
				9412F7791CA229E50037F461 /* Main.storyboard in Resources */,
				942A9B6A1CC87991001A201F /* icon1.png in Resources */,
				942A9B6C1CC87991001A201F /* icon3.png in Resources */,
				942A9B6F1CC87991001A201F /* icon6.png in Resources */,
				94B4A1DD1CE4123D0062F27D /* vindicyusdb.db in Resources */,
				94FF61FD1CE9974E00BE73CF /* TitlePopView.xib in Resources */,
			);
			runOnlyForDeploymentPostprocessing = 0;
		};
		9412F7821CA229E50037F461 /* Resources */ = {
			isa = PBXResourcesBuildPhase;
			buildActionMask = 2147483647;
			files = (
				94B4A1DE1CE4123D0062F27D /* vindicyusdb.db in Resources */,
				94B4A1E81CE422C00062F27D /* tapEquipmentView.xib in Resources */,
			);
			runOnlyForDeploymentPostprocessing = 0;
		};
		9412F78D1CA229E60037F461 /* Resources */ = {
			isa = PBXResourcesBuildPhase;
			buildActionMask = 2147483647;
			files = (
				94B4A1DF1CE4123D0062F27D /* vindicyusdb.db in Resources */,
				94B4A1E91CE422C00062F27D /* tapEquipmentView.xib in Resources */,
			);
			runOnlyForDeploymentPostprocessing = 0;
		};
/* End PBXResourcesBuildPhase section */

/* Begin PBXShellScriptBuildPhase section */
		44433D14631F3E3E0EBF85D3 /* Check Pods Manifest.lock */ = {
			isa = PBXShellScriptBuildPhase;
			buildActionMask = 2147483647;
			files = (
			);
			inputPaths = (
			);
			name = "Check Pods Manifest.lock";
			outputPaths = (
			);
			runOnlyForDeploymentPostprocessing = 0;
			shellPath = /bin/sh;
			shellScript = "diff \"${PODS_ROOT}/../Podfile.lock\" \"${PODS_ROOT}/Manifest.lock\" > /dev/null\nif [[ $? != 0 ]] ; then\n    cat << EOM\nerror: The sandbox is not in sync with the Podfile.lock. Run 'pod install' or update your CocoaPods installation.\nEOM\n    exit 1\nfi\n";
			showEnvVarsInLog = 0;
		};
		9CD6B3078001F5092BCB115E /* Embed Pods Frameworks */ = {
			isa = PBXShellScriptBuildPhase;
			buildActionMask = 2147483647;
			files = (
			);
			inputPaths = (
			);
			name = "Embed Pods Frameworks";
			outputPaths = (
			);
			runOnlyForDeploymentPostprocessing = 0;
			shellPath = /bin/sh;
			shellScript = "\"${SRCROOT}/Pods/Target Support Files/Pods/Pods-frameworks.sh\"\n";
			showEnvVarsInLog = 0;
		};
		E03E756ECA7300220422E81E /* Copy Pods Resources */ = {
			isa = PBXShellScriptBuildPhase;
			buildActionMask = 2147483647;
			files = (
			);
			inputPaths = (
			);
			name = "Copy Pods Resources";
			outputPaths = (
			);
			runOnlyForDeploymentPostprocessing = 0;
			shellPath = /bin/sh;
			shellScript = "\"${SRCROOT}/Pods/Target Support Files/Pods/Pods-resources.sh\"\n";
			showEnvVarsInLog = 0;
		};
/* End PBXShellScriptBuildPhase section */

/* Begin PBXSourcesBuildPhase section */
		9412F7671CA229E50037F461 /* Sources */ = {
			isa = PBXSourcesBuildPhase;
			buildActionMask = 2147483647;
			files = (
				9412F7B91CA237360037F461 /* CommunityViewController.m in Sources */,
				9442ECC41CC7810300859422 /* VLDContextSheet.m in Sources */,
				947BC09C1CA5316F00AAFEB4 /* DatabaseManager.m in Sources */,
				94CEF6E51CB7517F004356C1 /* titleViewController2.m in Sources */,
				94CEF6DE1CB62ECA004356C1 /* LLSlideMenu.m in Sources */,
				942A9B601CC872AA001A201F /* btSimpleMenuItem.m in Sources */,
				942A9B541CC869CF001A201F /* RippleModel.m in Sources */,
				942A9B611CC872AA001A201F /* btSimpleSideMenu.m in Sources */,
				94B4A20C1CE431160062F27D /* View+MASAdditions.m in Sources */,
				50F087171CA4E868005352B7 /* FMDatabase.m in Sources */,
				94CEF6DB1CB62ECA004356C1 /* LLAnimationManager.m in Sources */,
				9447DA2B1CA2841B0009AA60 /* RightCellCollectionViewCell.m in Sources */,
				94FF62031CE9C50000BE73CF /* EnchantViewController.m in Sources */,
				94B4A2091CE431160062F27D /* MASViewConstraint.m in Sources */,
				94B4A20A1CE431160062F27D /* NSArray+MASAdditions.m in Sources */,
				947B97D41CB79F00001C5B98 /* TWMessageViewCell.m in Sources */,
				943517DE1CE4785500510963 /* tapBossView.m in Sources */,
				94CEF6DC1CB62ECA004356C1 /* LLCircleLayer.m in Sources */,
				50D9D78E1CA6C58C002A6390 /* EquipmentModel.m in Sources */,
				94B4A2071CE431160062F27D /* MASLayoutConstraint.m in Sources */,
				94FF61FB1CE9972A00BE73CF /* TitilePopView.m in Sources */,
				50F0871B1CA4E868005352B7 /* FMResultSet.m in Sources */,
				942A9B531CC869CF001A201F /* GLIRViewController.m in Sources */,
				94B4A2041CE431160062F27D /* MASCompositeConstraint.m in Sources */,
				9412F7731CA229E50037F461 /* AppDelegate.m in Sources */,
				947B97CD1CB79BAB001C5B98 /* TWSpringyFlowLayout.m in Sources */,
				940D00541CC62803004F3E23 /* CNPGridMenu.m in Sources */,
				94CEF6DF1CB62ECA004356C1 /* UIView+SetRect.m in Sources */,
				9447DA341CA284630009AA60 /* RightHeadView.m in Sources */,
				9412F7701CA229E50037F461 /* main.m in Sources */,
				94CEF6DD1CB62ECA004356C1 /* LLDisplayLayer.m in Sources */,
				94D982591CB502D4006E5AFE /* BOSSViewController.m in Sources */,
				9412F7C01CA240D50037F461 /* MainTabbarViewController.m in Sources */,
				94D982551CB4F8DA006E5AFE /* UIColor+HexString.m in Sources */,
				9442ECC31CC7810300859422 /* VLDContextSheetItemView.m in Sources */,
				94B4A2081CE431160062F27D /* MASViewAttribute.m in Sources */,
				9442ECC21CC7810300859422 /* VLDContextSheetItem.m in Sources */,
				94B4A2051CE431160062F27D /* MASConstraint.m in Sources */,
				9447DA301CA284370009AA60 /* LeftCell.m in Sources */,
				BA51EFFB1CC1D9580096B353 /* NewsDetailViewController.m in Sources */,
				9412F7B31CA236EF0037F461 /* NewsViewController.m in Sources */,
				94B4A2061CE431160062F27D /* MASConstraintMaker.m in Sources */,
				942A9B5A1CC86A21001A201F /* Title3ViewController.m in Sources */,
				9412F7B61CA236FC0037F461 /* DataViewController.m in Sources */,
				9499FDDD1CB3A1A6000C8856 /* EquipmentChartViewController.m in Sources */,
				50F087191CA4E868005352B7 /* FMDatabasePool.m in Sources */,
				942A9B551CC869CF001A201F /* RippleTableViewController.m in Sources */,
				94CEF6D01CB62E1C004356C1 /* TitleViewController.m in Sources */,
				50F0871A1CA4E868005352B7 /* FMDatabaseQueue.m in Sources */,
				BA51F0031CC1DD400096B353 /* UIView+Ext.m in Sources */,
				9447DA261CA278DD0009AA60 /* MultLevelMeun.m in Sources */,
				94B4A20B1CE431160062F27D /* NSLayoutConstraint+MASDebugAdditions.m in Sources */,
				94B4A1E31CE422AE0062F27D /* tapEquipmentView.m in Sources */,
				50D9D78B1CA6C569002A6390 /* TitleModel.m in Sources */,
				50F087181CA4E868005352B7 /* FMDatabaseAdditions.m in Sources */,
			);
			runOnlyForDeploymentPostprocessing = 0;
		};
		9412F7801CA229E50037F461 /* Sources */ = {
			isa = PBXSourcesBuildPhase;
			buildActionMask = 2147483647;
			files = (
				BA51F0041CC1DD400096B353 /* UIView+Ext.m in Sources */,
				947BC09D1CA5316F00AAFEB4 /* DatabaseManager.m in Sources */,
				BA51EFFC1CC1D9580096B353 /* NewsDetailViewController.m in Sources */,
				94B4A1E41CE422AE0062F27D /* tapEquipmentView.m in Sources */,
				9412F7891CA229E50037F461 /* Mabinogi_heroesTests.m in Sources */,
			);
			runOnlyForDeploymentPostprocessing = 0;
		};
		9412F78B1CA229E60037F461 /* Sources */ = {
			isa = PBXSourcesBuildPhase;
			buildActionMask = 2147483647;
			files = (
				BA51F0051CC1DD400096B353 /* UIView+Ext.m in Sources */,
				947BC09E1CA5316F00AAFEB4 /* DatabaseManager.m in Sources */,
				BA51EFFD1CC1D9580096B353 /* NewsDetailViewController.m in Sources */,
				94B4A1E51CE422AE0062F27D /* tapEquipmentView.m in Sources */,
				9412F7941CA229E60037F461 /* Mabinogi_heroesUITests.m in Sources */,
			);
			runOnlyForDeploymentPostprocessing = 0;
		};
/* End PBXSourcesBuildPhase section */

/* Begin PBXTargetDependency section */
		9412F7861CA229E50037F461 /* PBXTargetDependency */ = {
			isa = PBXTargetDependency;
			target = 9412F76A1CA229E50037F461 /* Mabinogi_heroes */;
			targetProxy = 9412F7851CA229E50037F461 /* PBXContainerItemProxy */;
		};
		9412F7911CA229E60037F461 /* PBXTargetDependency */ = {
			isa = PBXTargetDependency;
			target = 9412F76A1CA229E50037F461 /* Mabinogi_heroes */;
			targetProxy = 9412F7901CA229E60037F461 /* PBXContainerItemProxy */;
		};
/* End PBXTargetDependency section */

/* Begin PBXVariantGroup section */
		9412F7771CA229E50037F461 /* Main.storyboard */ = {
			isa = PBXVariantGroup;
			children = (
				9412F7781CA229E50037F461 /* Base */,
			);
			name = Main.storyboard;
			sourceTree = "<group>";
		};
		9412F77C1CA229E50037F461 /* LaunchScreen.storyboard */ = {
			isa = PBXVariantGroup;
			children = (
				9412F77D1CA229E50037F461 /* Base */,
			);
			name = LaunchScreen.storyboard;
			sourceTree = "<group>";
		};
/* End PBXVariantGroup section */

/* Begin XCBuildConfiguration section */
		9412F7961CA229E60037F461 /* Debug */ = {
			isa = XCBuildConfiguration;
			buildSettings = {
				ALWAYS_SEARCH_USER_PATHS = NO;
				CLANG_CXX_LANGUAGE_STANDARD = "gnu++0x";
				CLANG_CXX_LIBRARY = "libc++";
				CLANG_ENABLE_MODULES = YES;
				CLANG_ENABLE_OBJC_ARC = YES;
				CLANG_WARN_BOOL_CONVERSION = YES;
				CLANG_WARN_CONSTANT_CONVERSION = YES;
				CLANG_WARN_DIRECT_OBJC_ISA_USAGE = YES_ERROR;
				CLANG_WARN_EMPTY_BODY = YES;
				CLANG_WARN_ENUM_CONVERSION = YES;
				CLANG_WARN_INT_CONVERSION = YES;
				CLANG_WARN_OBJC_ROOT_CLASS = YES_ERROR;
				CLANG_WARN_UNREACHABLE_CODE = YES;
				CLANG_WARN__DUPLICATE_METHOD_MATCH = YES;
				"CODE_SIGN_IDENTITY[sdk=iphoneos*]" = "iPhone Developer";
				COPY_PHASE_STRIP = NO;
				DEBUG_INFORMATION_FORMAT = dwarf;
				ENABLE_STRICT_OBJC_MSGSEND = YES;
				ENABLE_TESTABILITY = YES;
				GCC_C_LANGUAGE_STANDARD = gnu99;
				GCC_DYNAMIC_NO_PIC = NO;
				GCC_NO_COMMON_BLOCKS = YES;
				GCC_OPTIMIZATION_LEVEL = 0;
				GCC_PREPROCESSOR_DEFINITIONS = (
					"DEBUG=1",
					"$(inherited)",
				);
				GCC_WARN_64_TO_32_BIT_CONVERSION = YES;
				GCC_WARN_ABOUT_RETURN_TYPE = YES_ERROR;
				GCC_WARN_UNDECLARED_SELECTOR = YES;
				GCC_WARN_UNINITIALIZED_AUTOS = YES_AGGRESSIVE;
				GCC_WARN_UNUSED_FUNCTION = YES;
				GCC_WARN_UNUSED_VARIABLE = YES;
				IPHONEOS_DEPLOYMENT_TARGET = 9.2;
				MTL_ENABLE_DEBUG_INFO = YES;
				ONLY_ACTIVE_ARCH = YES;
				SDKROOT = iphoneos;
				TARGETED_DEVICE_FAMILY = "1,2";
			};
			name = Debug;
		};
		9412F7971CA229E60037F461 /* Release */ = {
			isa = XCBuildConfiguration;
			buildSettings = {
				ALWAYS_SEARCH_USER_PATHS = NO;
				CLANG_CXX_LANGUAGE_STANDARD = "gnu++0x";
				CLANG_CXX_LIBRARY = "libc++";
				CLANG_ENABLE_MODULES = YES;
				CLANG_ENABLE_OBJC_ARC = YES;
				CLANG_WARN_BOOL_CONVERSION = YES;
				CLANG_WARN_CONSTANT_CONVERSION = YES;
				CLANG_WARN_DIRECT_OBJC_ISA_USAGE = YES_ERROR;
				CLANG_WARN_EMPTY_BODY = YES;
				CLANG_WARN_ENUM_CONVERSION = YES;
				CLANG_WARN_INT_CONVERSION = YES;
				CLANG_WARN_OBJC_ROOT_CLASS = YES_ERROR;
				CLANG_WARN_UNREACHABLE_CODE = YES;
				CLANG_WARN__DUPLICATE_METHOD_MATCH = YES;
				"CODE_SIGN_IDENTITY[sdk=iphoneos*]" = "iPhone Developer";
				COPY_PHASE_STRIP = NO;
				DEBUG_INFORMATION_FORMAT = "dwarf-with-dsym";
				ENABLE_NS_ASSERTIONS = NO;
				ENABLE_STRICT_OBJC_MSGSEND = YES;
				GCC_C_LANGUAGE_STANDARD = gnu99;
				GCC_NO_COMMON_BLOCKS = YES;
				GCC_WARN_64_TO_32_BIT_CONVERSION = YES;
				GCC_WARN_ABOUT_RETURN_TYPE = YES_ERROR;
				GCC_WARN_UNDECLARED_SELECTOR = YES;
				GCC_WARN_UNINITIALIZED_AUTOS = YES_AGGRESSIVE;
				GCC_WARN_UNUSED_FUNCTION = YES;
				GCC_WARN_UNUSED_VARIABLE = YES;
				IPHONEOS_DEPLOYMENT_TARGET = 9.2;
				MTL_ENABLE_DEBUG_INFO = NO;
				SDKROOT = iphoneos;
				TARGETED_DEVICE_FAMILY = "1,2";
				VALIDATE_PRODUCT = YES;
			};
			name = Release;
		};
		9412F7991CA229E60037F461 /* Debug */ = {
			isa = XCBuildConfiguration;
			baseConfigurationReference = 257B5762312E00D3F6E4D14D /* Pods.debug.xcconfig */;
			buildSettings = {
				ASSETCATALOG_COMPILER_APPICON_NAME = AppIcon;
				CODE_SIGN_IDENTITY = "iPhone Developer";
				GCC_C_LANGUAGE_STANDARD = gnu99;
				GCC_OPTIMIZATION_LEVEL = 0;
				GCC_PRECOMPILE_PREFIX_HEADER = YES;
				GCC_PREFIX_HEADER = "$(SRCROOT)/Mabinogi_heroes/PrefixHeader.pch";
				INFOPLIST_FILE = Mabinogi_heroes/Info.plist;
				IPHONEOS_DEPLOYMENT_TARGET = 8.0;
				LD_RUNPATH_SEARCH_PATHS = "$(inherited) @executable_path/Frameworks";
				PRODUCT_BUNDLE_IDENTIFIER = "sqzjj14.Mabinogi-heroes";
				PRODUCT_NAME = "$(TARGET_NAME)";
			};
			name = Debug;
		};
		9412F79A1CA229E60037F461 /* Release */ = {
			isa = XCBuildConfiguration;
			baseConfigurationReference = 659503FF966D389EC7124B8E /* Pods.release.xcconfig */;
			buildSettings = {
				ASSETCATALOG_COMPILER_APPICON_NAME = AppIcon;
				CODE_SIGN_IDENTITY = "iPhone Developer";
				GCC_C_LANGUAGE_STANDARD = gnu99;
				GCC_OPTIMIZATION_LEVEL = 0;
				GCC_PRECOMPILE_PREFIX_HEADER = YES;
				GCC_PREFIX_HEADER = "$(SRCROOT)/Mabinogi_heroes/PrefixHeader.pch";
				INFOPLIST_FILE = Mabinogi_heroes/Info.plist;
				IPHONEOS_DEPLOYMENT_TARGET = 8.0;
				LD_RUNPATH_SEARCH_PATHS = "$(inherited) @executable_path/Frameworks";
				PRODUCT_BUNDLE_IDENTIFIER = "sqzjj14.Mabinogi-heroes";
				PRODUCT_NAME = "$(TARGET_NAME)";
			};
			name = Release;
		};
		9412F79C1CA229E60037F461 /* Debug */ = {
			isa = XCBuildConfiguration;
			buildSettings = {
				BUNDLE_LOADER = "$(TEST_HOST)";
				INFOPLIST_FILE = Mabinogi_heroesTests/Info.plist;
				LD_RUNPATH_SEARCH_PATHS = "$(inherited) @executable_path/Frameworks @loader_path/Frameworks";
				PRODUCT_BUNDLE_IDENTIFIER = "sqzjj14.Mabinogi-heroesTests";
				PRODUCT_NAME = "$(TARGET_NAME)";
				TEST_HOST = "$(BUILT_PRODUCTS_DIR)/Mabinogi_heroes.app/Mabinogi_heroes";
			};
			name = Debug;
		};
		9412F79D1CA229E60037F461 /* Release */ = {
			isa = XCBuildConfiguration;
			buildSettings = {
				BUNDLE_LOADER = "$(TEST_HOST)";
				INFOPLIST_FILE = Mabinogi_heroesTests/Info.plist;
				LD_RUNPATH_SEARCH_PATHS = "$(inherited) @executable_path/Frameworks @loader_path/Frameworks";
				PRODUCT_BUNDLE_IDENTIFIER = "sqzjj14.Mabinogi-heroesTests";
				PRODUCT_NAME = "$(TARGET_NAME)";
				TEST_HOST = "$(BUILT_PRODUCTS_DIR)/Mabinogi_heroes.app/Mabinogi_heroes";
			};
			name = Release;
		};
		9412F79F1CA229E60037F461 /* Debug */ = {
			isa = XCBuildConfiguration;
			buildSettings = {
				INFOPLIST_FILE = Mabinogi_heroesUITests/Info.plist;
				LD_RUNPATH_SEARCH_PATHS = "$(inherited) @executable_path/Frameworks @loader_path/Frameworks";
				PRODUCT_BUNDLE_IDENTIFIER = "sqzjj14.Mabinogi-heroesUITests";
				PRODUCT_NAME = "$(TARGET_NAME)";
				TEST_TARGET_NAME = Mabinogi_heroes;
				USES_XCTRUNNER = YES;
			};
			name = Debug;
		};
		9412F7A01CA229E60037F461 /* Release */ = {
			isa = XCBuildConfiguration;
			buildSettings = {
				INFOPLIST_FILE = Mabinogi_heroesUITests/Info.plist;
				LD_RUNPATH_SEARCH_PATHS = "$(inherited) @executable_path/Frameworks @loader_path/Frameworks";
				PRODUCT_BUNDLE_IDENTIFIER = "sqzjj14.Mabinogi-heroesUITests";
				PRODUCT_NAME = "$(TARGET_NAME)";
				TEST_TARGET_NAME = Mabinogi_heroes;
				USES_XCTRUNNER = YES;
			};
			name = Release;
		};
/* End XCBuildConfiguration section */

/* Begin XCConfigurationList section */
		9412F7661CA229E50037F461 /* Build configuration list for PBXProject "Mabinogi_heroes" */ = {
			isa = XCConfigurationList;
			buildConfigurations = (
				9412F7961CA229E60037F461 /* Debug */,
				9412F7971CA229E60037F461 /* Release */,
			);
			defaultConfigurationIsVisible = 0;
			defaultConfigurationName = Release;
		};
		9412F7981CA229E60037F461 /* Build configuration list for PBXNativeTarget "Mabinogi_heroes" */ = {
			isa = XCConfigurationList;
			buildConfigurations = (
				9412F7991CA229E60037F461 /* Debug */,
				9412F79A1CA229E60037F461 /* Release */,
			);
			defaultConfigurationIsVisible = 0;
			defaultConfigurationName = Release;
		};
		9412F79B1CA229E60037F461 /* Build configuration list for PBXNativeTarget "Mabinogi_heroesTests" */ = {
			isa = XCConfigurationList;
			buildConfigurations = (
				9412F79C1CA229E60037F461 /* Debug */,
				9412F79D1CA229E60037F461 /* Release */,
			);
			defaultConfigurationIsVisible = 0;
			defaultConfigurationName = Release;
		};
		9412F79E1CA229E60037F461 /* Build configuration list for PBXNativeTarget "Mabinogi_heroesUITests" */ = {
			isa = XCConfigurationList;
			buildConfigurations = (
				9412F79F1CA229E60037F461 /* Debug */,
				9412F7A01CA229E60037F461 /* Release */,
			);
			defaultConfigurationIsVisible = 0;
			defaultConfigurationName = Release;
		};
/* End XCConfigurationList section */
	};
	rootObject = 9412F7631CA229E50037F461 /* Project object */;
}
