// !$*UTF8*$!
{
	archiveVersion = 1;
	classes = {
	};
	objectVersion = 46;
	objects = {

/* Begin PBXBuildFile section */
		50D9D78B1CA6C569002A6390 /* TitleModel.m in Sources */ = {isa = PBXBuildFile; fileRef = 50D9D78A1CA6C569002A6390 /* TitleModel.m */; };
		50D9D78E1CA6C58C002A6390 /* EquipmentModel.m in Sources */ = {isa = PBXBuildFile; fileRef = 50D9D78D1CA6C58C002A6390 /* EquipmentModel.m */; };
		50F087171CA4E868005352B7 /* FMDatabase.m in Sources */ = {isa = PBXBuildFile; fileRef = 50F0870D1CA4E868005352B7 /* FMDatabase.m */; };
		50F087181CA4E868005352B7 /* FMDatabaseAdditions.m in Sources */ = {isa = PBXBuildFile; fileRef = 50F0870F1CA4E868005352B7 /* FMDatabaseAdditions.m */; };
		50F087191CA4E868005352B7 /* FMDatabasePool.m in Sources */ = {isa = PBXBuildFile; fileRef = 50F087111CA4E868005352B7 /* FMDatabasePool.m */; };
		50F0871A1CA4E868005352B7 /* FMDatabaseQueue.m in Sources */ = {isa = PBXBuildFile; fileRef = 50F087131CA4E868005352B7 /* FMDatabaseQueue.m */; };
		50F0871B1CA4E868005352B7 /* FMResultSet.m in Sources */ = {isa = PBXBuildFile; fileRef = 50F087161CA4E868005352B7 /* FMResultSet.m */; };
		940B47481CA8EACC00AFF747 /* EquipmentViewController.m in Sources */ = {isa = PBXBuildFile; fileRef = 940B47471CA8EACC00AFF747 /* EquipmentViewController.m */; };
		9412F7701CA229E50037F461 /* main.m in Sources */ = {isa = PBXBuildFile; fileRef = 9412F76F1CA229E50037F461 /* main.m */; };
		9412F7731CA229E50037F461 /* AppDelegate.m in Sources */ = {isa = PBXBuildFile; fileRef = 9412F7721CA229E50037F461 /* AppDelegate.m */; };
		9412F7761CA229E50037F461 /* ViewController.m in Sources */ = {isa = PBXBuildFile; fileRef = 9412F7751CA229E50037F461 /* ViewController.m */; };
		9412F7791CA229E50037F461 /* Main.storyboard in Resources */ = {isa = PBXBuildFile; fileRef = 9412F7771CA229E50037F461 /* Main.storyboard */; };
		9412F77B1CA229E50037F461 /* Assets.xcassets in Resources */ = {isa = PBXBuildFile; fileRef = 9412F77A1CA229E50037F461 /* Assets.xcassets */; };
		9412F77E1CA229E50037F461 /* LaunchScreen.storyboard in Resources */ = {isa = PBXBuildFile; fileRef = 9412F77C1CA229E50037F461 /* LaunchScreen.storyboard */; };
		9412F7891CA229E50037F461 /* Mabinogi_heroesTests.m in Sources */ = {isa = PBXBuildFile; fileRef = 9412F7881CA229E50037F461 /* Mabinogi_heroesTests.m */; };
		9412F7941CA229E60037F461 /* Mabinogi_heroesUITests.m in Sources */ = {isa = PBXBuildFile; fileRef = 9412F7931CA229E60037F461 /* Mabinogi_heroesUITests.m */; };
		9412F7B31CA236EF0037F461 /* NewsViewController.m in Sources */ = {isa = PBXBuildFile; fileRef = 9412F7B21CA236EF0037F461 /* NewsViewController.m */; };
		9412F7B61CA236FC0037F461 /* DataViewController.m in Sources */ = {isa = PBXBuildFile; fileRef = 9412F7B51CA236FC0037F461 /* DataViewController.m */; };
		9412F7B91CA237360037F461 /* CommunityViewController.m in Sources */ = {isa = PBXBuildFile; fileRef = 9412F7B81CA237360037F461 /* CommunityViewController.m */; };
		9412F7BC1CA237420037F461 /* MySelfViewController.m in Sources */ = {isa = PBXBuildFile; fileRef = 9412F7BB1CA237420037F461 /* MySelfViewController.m */; };
		9412F7C01CA240D50037F461 /* MainTabbarViewController.m in Sources */ = {isa = PBXBuildFile; fileRef = 9412F7BF1CA240D50037F461 /* MainTabbarViewController.m */; };
		9412F7C51CA243080037F461 /* NewsCell.m in Sources */ = {isa = PBXBuildFile; fileRef = 9412F7C31CA243080037F461 /* NewsCell.m */; };
		9412F7C61CA243080037F461 /* NewsCell.xib in Resources */ = {isa = PBXBuildFile; fileRef = 9412F7C41CA243080037F461 /* NewsCell.xib */; };
		9447DA261CA278DD0009AA60 /* MultLevelMeun.m in Sources */ = {isa = PBXBuildFile; fileRef = 9447DA251CA278DD0009AA60 /* MultLevelMeun.m */; };
		9447DA2B1CA2841B0009AA60 /* RightCellCollectionViewCell.m in Sources */ = {isa = PBXBuildFile; fileRef = 9447DA291CA2841B0009AA60 /* RightCellCollectionViewCell.m */; };
		9447DA2C1CA2841B0009AA60 /* RightCellCollectionViewCell.xib in Resources */ = {isa = PBXBuildFile; fileRef = 9447DA2A1CA2841B0009AA60 /* RightCellCollectionViewCell.xib */; };
		9447DA301CA284370009AA60 /* LeftCell.m in Sources */ = {isa = PBXBuildFile; fileRef = 9447DA2E1CA284370009AA60 /* LeftCell.m */; };
		9447DA311CA284370009AA60 /* LeftCell.xib in Resources */ = {isa = PBXBuildFile; fileRef = 9447DA2F1CA284370009AA60 /* LeftCell.xib */; };
		9447DA341CA284630009AA60 /* RightHeadView.m in Sources */ = {isa = PBXBuildFile; fileRef = 9447DA331CA284630009AA60 /* RightHeadView.m */; };
		9447DA361CA284DC0009AA60 /* RightHeadView.xib in Resources */ = {isa = PBXBuildFile; fileRef = 9447DA351CA284DC0009AA60 /* RightHeadView.xib */; };
		947BC0931CA4FEA300AAFEB4 /* libsqlite3.tbd in Frameworks */ = {isa = PBXBuildFile; fileRef = 947BC0921CA4FEA300AAFEB4 /* libsqlite3.tbd */; };
		947BC0961CA5286900AAFEB4 /* vindicyusdb.db in Resources */ = {isa = PBXBuildFile; fileRef = 947BC0951CA5286900AAFEB4 /* vindicyusdb.db */; };
		947BC0971CA5286900AAFEB4 /* vindicyusdb.db in Resources */ = {isa = PBXBuildFile; fileRef = 947BC0951CA5286900AAFEB4 /* vindicyusdb.db */; };
		947BC0981CA5286900AAFEB4 /* vindicyusdb.db in Resources */ = {isa = PBXBuildFile; fileRef = 947BC0951CA5286900AAFEB4 /* vindicyusdb.db */; };
		947BC09C1CA5316F00AAFEB4 /* DatabaseManager.m in Sources */ = {isa = PBXBuildFile; fileRef = 947BC09B1CA5316F00AAFEB4 /* DatabaseManager.m */; };
		947BC09D1CA5316F00AAFEB4 /* DatabaseManager.m in Sources */ = {isa = PBXBuildFile; fileRef = 947BC09B1CA5316F00AAFEB4 /* DatabaseManager.m */; };
		947BC09E1CA5316F00AAFEB4 /* DatabaseManager.m in Sources */ = {isa = PBXBuildFile; fileRef = 947BC09B1CA5316F00AAFEB4 /* DatabaseManager.m */; };
		9499FDDD1CB3A1A6000C8856 /* EquipmentChartViewController.m in Sources */ = {isa = PBXBuildFile; fileRef = 9499FDDC1CB3A1A6000C8856 /* EquipmentChartViewController.m */; };
		94D982551CB4F8DA006E5AFE /* UIColor+HexString.m in Sources */ = {isa = PBXBuildFile; fileRef = 94D982541CB4F8DA006E5AFE /* UIColor+HexString.m */; };
		94D982591CB502D4006E5AFE /* BOSSViewController.m in Sources */ = {isa = PBXBuildFile; fileRef = 94D982581CB502D4006E5AFE /* BOSSViewController.m */; };
/* End PBXBuildFile section */

/* Begin PBXContainerItemProxy section */
		9412F7851CA229E50037F461 /* PBXContainerItemProxy */ = {
			isa = PBXContainerItemProxy;
			containerPortal = 9412F7631CA229E50037F461 /* Project object */;
			proxyType = 1;
			remoteGlobalIDString = 9412F76A1CA229E50037F461;
			remoteInfo = Mabinogi_heroes;
		};
		9412F7901CA229E60037F461 /* PBXContainerItemProxy */ = {
			isa = PBXContainerItemProxy;
			containerPortal = 9412F7631CA229E50037F461 /* Project object */;
			proxyType = 1;
			remoteGlobalIDString = 9412F76A1CA229E50037F461;
			remoteInfo = Mabinogi_heroes;
		};
/* End PBXContainerItemProxy section */

/* Begin PBXFileReference section */
		50D9D7891CA6C569002A6390 /* TitleModel.h */ = {isa = PBXFileReference; fileEncoding = 4; lastKnownFileType = sourcecode.c.h; path = TitleModel.h; sourceTree = "<group>"; };
		50D9D78A1CA6C569002A6390 /* TitleModel.m */ = {isa = PBXFileReference; fileEncoding = 4; lastKnownFileType = sourcecode.c.objc; path = TitleModel.m; sourceTree = "<group>"; };
		50D9D78C1CA6C58C002A6390 /* EquipmentModel.h */ = {isa = PBXFileReference; fileEncoding = 4; lastKnownFileType = sourcecode.c.h; path = EquipmentModel.h; sourceTree = "<group>"; };
		50D9D78D1CA6C58C002A6390 /* EquipmentModel.m */ = {isa = PBXFileReference; fileEncoding = 4; lastKnownFileType = sourcecode.c.objc; path = EquipmentModel.m; sourceTree = "<group>"; };
		50F0870C1CA4E868005352B7 /* FMDatabase.h */ = {isa = PBXFileReference; fileEncoding = 4; lastKnownFileType = sourcecode.c.h; path = FMDatabase.h; sourceTree = "<group>"; };
		50F0870D1CA4E868005352B7 /* FMDatabase.m */ = {isa = PBXFileReference; fileEncoding = 4; lastKnownFileType = sourcecode.c.objc; path = FMDatabase.m; sourceTree = "<group>"; };
		50F0870E1CA4E868005352B7 /* FMDatabaseAdditions.h */ = {isa = PBXFileReference; fileEncoding = 4; lastKnownFileType = sourcecode.c.h; path = FMDatabaseAdditions.h; sourceTree = "<group>"; };
		50F0870F1CA4E868005352B7 /* FMDatabaseAdditions.m */ = {isa = PBXFileReference; fileEncoding = 4; lastKnownFileType = sourcecode.c.objc; path = FMDatabaseAdditions.m; sourceTree = "<group>"; };
		50F087101CA4E868005352B7 /* FMDatabasePool.h */ = {isa = PBXFileReference; fileEncoding = 4; lastKnownFileType = sourcecode.c.h; path = FMDatabasePool.h; sourceTree = "<group>"; };
		50F087111CA4E868005352B7 /* FMDatabasePool.m */ = {isa = PBXFileReference; fileEncoding = 4; lastKnownFileType = sourcecode.c.objc; path = FMDatabasePool.m; sourceTree = "<group>"; };
		50F087121CA4E868005352B7 /* FMDatabaseQueue.h */ = {isa = PBXFileReference; fileEncoding = 4; lastKnownFileType = sourcecode.c.h; path = FMDatabaseQueue.h; sourceTree = "<group>"; };
		50F087131CA4E868005352B7 /* FMDatabaseQueue.m */ = {isa = PBXFileReference; fileEncoding = 4; lastKnownFileType = sourcecode.c.objc; path = FMDatabaseQueue.m; sourceTree = "<group>"; };
		50F087141CA4E868005352B7 /* FMDB.h */ = {isa = PBXFileReference; fileEncoding = 4; lastKnownFileType = sourcecode.c.h; path = FMDB.h; sourceTree = "<group>"; };
		50F087151CA4E868005352B7 /* FMResultSet.h */ = {isa = PBXFileReference; fileEncoding = 4; lastKnownFileType = sourcecode.c.h; path = FMResultSet.h; sourceTree = "<group>"; };
		50F087161CA4E868005352B7 /* FMResultSet.m */ = {isa = PBXFileReference; fileEncoding = 4; lastKnownFileType = sourcecode.c.objc; path = FMResultSet.m; sourceTree = "<group>"; };
		940B47461CA8EACC00AFF747 /* EquipmentViewController.h */ = {isa = PBXFileReference; fileEncoding = 4; lastKnownFileType = sourcecode.c.h; path = EquipmentViewController.h; sourceTree = "<group>"; };
		940B47471CA8EACC00AFF747 /* EquipmentViewController.m */ = {isa = PBXFileReference; fileEncoding = 4; lastKnownFileType = sourcecode.c.objc; path = EquipmentViewController.m; sourceTree = "<group>"; };
		9412F76B1CA229E50037F461 /* Mabinogi_heroes.app */ = {isa = PBXFileReference; explicitFileType = wrapper.application; includeInIndex = 0; path = Mabinogi_heroes.app; sourceTree = BUILT_PRODUCTS_DIR; };
		9412F76F1CA229E50037F461 /* main.m */ = {isa = PBXFileReference; lastKnownFileType = sourcecode.c.objc; path = main.m; sourceTree = "<group>"; };
		9412F7711CA229E50037F461 /* AppDelegate.h */ = {isa = PBXFileReference; lastKnownFileType = sourcecode.c.h; path = AppDelegate.h; sourceTree = "<group>"; };
		9412F7721CA229E50037F461 /* AppDelegate.m */ = {isa = PBXFileReference; lastKnownFileType = sourcecode.c.objc; path = AppDelegate.m; sourceTree = "<group>"; };
		9412F7741CA229E50037F461 /* ViewController.h */ = {isa = PBXFileReference; lastKnownFileType = sourcecode.c.h; path = ViewController.h; sourceTree = "<group>"; };
		9412F7751CA229E50037F461 /* ViewController.m */ = {isa = PBXFileReference; lastKnownFileType = sourcecode.c.objc; path = ViewController.m; sourceTree = "<group>"; };
		9412F7781CA229E50037F461 /* Base */ = {isa = PBXFileReference; lastKnownFileType = file.storyboard; name = Base; path = Base.lproj/Main.storyboard; sourceTree = "<group>"; };
		9412F77A1CA229E50037F461 /* Assets.xcassets */ = {isa = PBXFileReference; lastKnownFileType = folder.assetcatalog; path = Assets.xcassets; sourceTree = "<group>"; };
		9412F77D1CA229E50037F461 /* Base */ = {isa = PBXFileReference; lastKnownFileType = file.storyboard; name = Base; path = Base.lproj/LaunchScreen.storyboard; sourceTree = "<group>"; };
		9412F77F1CA229E50037F461 /* Info.plist */ = {isa = PBXFileReference; lastKnownFileType = text.plist.xml; path = Info.plist; sourceTree = "<group>"; };
		9412F7841CA229E50037F461 /* Mabinogi_heroesTests.xctest */ = {isa = PBXFileReference; explicitFileType = wrapper.cfbundle; includeInIndex = 0; path = Mabinogi_heroesTests.xctest; sourceTree = BUILT_PRODUCTS_DIR; };
		9412F7881CA229E50037F461 /* Mabinogi_heroesTests.m */ = {isa = PBXFileReference; lastKnownFileType = sourcecode.c.objc; path = Mabinogi_heroesTests.m; sourceTree = "<group>"; };
		9412F78A1CA229E50037F461 /* Info.plist */ = {isa = PBXFileReference; lastKnownFileType = text.plist.xml; path = Info.plist; sourceTree = "<group>"; };
		9412F78F1CA229E60037F461 /* Mabinogi_heroesUITests.xctest */ = {isa = PBXFileReference; explicitFileType = wrapper.cfbundle; includeInIndex = 0; path = Mabinogi_heroesUITests.xctest; sourceTree = BUILT_PRODUCTS_DIR; };
		9412F7931CA229E60037F461 /* Mabinogi_heroesUITests.m */ = {isa = PBXFileReference; lastKnownFileType = sourcecode.c.objc; path = Mabinogi_heroesUITests.m; sourceTree = "<group>"; };
		9412F7951CA229E60037F461 /* Info.plist */ = {isa = PBXFileReference; lastKnownFileType = text.plist.xml; path = Info.plist; sourceTree = "<group>"; };
		9412F7B11CA236EF0037F461 /* NewsViewController.h */ = {isa = PBXFileReference; fileEncoding = 4; lastKnownFileType = sourcecode.c.h; path = NewsViewController.h; sourceTree = "<group>"; };
		9412F7B21CA236EF0037F461 /* NewsViewController.m */ = {isa = PBXFileReference; fileEncoding = 4; lastKnownFileType = sourcecode.c.objc; path = NewsViewController.m; sourceTree = "<group>"; };
		9412F7B41CA236FC0037F461 /* DataViewController.h */ = {isa = PBXFileReference; fileEncoding = 4; lastKnownFileType = sourcecode.c.h; path = DataViewController.h; sourceTree = "<group>"; };
		9412F7B51CA236FC0037F461 /* DataViewController.m */ = {isa = PBXFileReference; fileEncoding = 4; lastKnownFileType = sourcecode.c.objc; path = DataViewController.m; sourceTree = "<group>"; };
		9412F7B71CA237360037F461 /* CommunityViewController.h */ = {isa = PBXFileReference; fileEncoding = 4; lastKnownFileType = sourcecode.c.h; path = CommunityViewController.h; sourceTree = "<group>"; };
		9412F7B81CA237360037F461 /* CommunityViewController.m */ = {isa = PBXFileReference; fileEncoding = 4; lastKnownFileType = sourcecode.c.objc; path = CommunityViewController.m; sourceTree = "<group>"; };
		9412F7BA1CA237420037F461 /* MySelfViewController.h */ = {isa = PBXFileReference; fileEncoding = 4; lastKnownFileType = sourcecode.c.h; path = MySelfViewController.h; sourceTree = "<group>"; };
		9412F7BB1CA237420037F461 /* MySelfViewController.m */ = {isa = PBXFileReference; fileEncoding = 4; lastKnownFileType = sourcecode.c.objc; path = MySelfViewController.m; sourceTree = "<group>"; };
		9412F7BE1CA240D50037F461 /* MainTabbarViewController.h */ = {isa = PBXFileReference; fileEncoding = 4; lastKnownFileType = sourcecode.c.h; path = MainTabbarViewController.h; sourceTree = "<group>"; };
		9412F7BF1CA240D50037F461 /* MainTabbarViewController.m */ = {isa = PBXFileReference; fileEncoding = 4; lastKnownFileType = sourcecode.c.objc; path = MainTabbarViewController.m; sourceTree = "<group>"; };
		9412F7C21CA243080037F461 /* NewsCell.h */ = {isa = PBXFileReference; fileEncoding = 4; lastKnownFileType = sourcecode.c.h; path = NewsCell.h; sourceTree = "<group>"; };
		9412F7C31CA243080037F461 /* NewsCell.m */ = {isa = PBXFileReference; fileEncoding = 4; lastKnownFileType = sourcecode.c.objc; path = NewsCell.m; sourceTree = "<group>"; };
		9412F7C41CA243080037F461 /* NewsCell.xib */ = {isa = PBXFileReference; fileEncoding = 4; lastKnownFileType = file.xib; path = NewsCell.xib; sourceTree = "<group>"; };
		9412F7C81CA24FCA0037F461 /* Header.h */ = {isa = PBXFileReference; lastKnownFileType = sourcecode.c.h; path = Header.h; sourceTree = "<group>"; };
		9447DA241CA278DD0009AA60 /* MultLevelMeun.h */ = {isa = PBXFileReference; fileEncoding = 4; lastKnownFileType = sourcecode.c.h; path = MultLevelMeun.h; sourceTree = "<group>"; };
		9447DA251CA278DD0009AA60 /* MultLevelMeun.m */ = {isa = PBXFileReference; fileEncoding = 4; lastKnownFileType = sourcecode.c.objc; path = MultLevelMeun.m; sourceTree = "<group>"; };
		9447DA281CA2841B0009AA60 /* RightCellCollectionViewCell.h */ = {isa = PBXFileReference; fileEncoding = 4; lastKnownFileType = sourcecode.c.h; path = RightCellCollectionViewCell.h; sourceTree = "<group>"; };
		9447DA291CA2841B0009AA60 /* RightCellCollectionViewCell.m */ = {isa = PBXFileReference; fileEncoding = 4; lastKnownFileType = sourcecode.c.objc; path = RightCellCollectionViewCell.m; sourceTree = "<group>"; };
		9447DA2A1CA2841B0009AA60 /* RightCellCollectionViewCell.xib */ = {isa = PBXFileReference; fileEncoding = 4; lastKnownFileType = file.xib; path = RightCellCollectionViewCell.xib; sourceTree = "<group>"; };
		9447DA2D1CA284370009AA60 /* LeftCell.h */ = {isa = PBXFileReference; fileEncoding = 4; lastKnownFileType = sourcecode.c.h; path = LeftCell.h; sourceTree = "<group>"; };
		9447DA2E1CA284370009AA60 /* LeftCell.m */ = {isa = PBXFileReference; fileEncoding = 4; lastKnownFileType = sourcecode.c.objc; path = LeftCell.m; sourceTree = "<group>"; };
		9447DA2F1CA284370009AA60 /* LeftCell.xib */ = {isa = PBXFileReference; fileEncoding = 4; lastKnownFileType = file.xib; path = LeftCell.xib; sourceTree = "<group>"; };
		9447DA321CA284630009AA60 /* RightHeadView.h */ = {isa = PBXFileReference; fileEncoding = 4; lastKnownFileType = sourcecode.c.h; path = RightHeadView.h; sourceTree = "<group>"; };
		9447DA331CA284630009AA60 /* RightHeadView.m */ = {isa = PBXFileReference; fileEncoding = 4; lastKnownFileType = sourcecode.c.objc; path = RightHeadView.m; sourceTree = "<group>"; };
		9447DA351CA284DC0009AA60 /* RightHeadView.xib */ = {isa = PBXFileReference; fileEncoding = 4; lastKnownFileType = file.xib; path = RightHeadView.xib; sourceTree = "<group>"; };
		947BC0921CA4FEA300AAFEB4 /* libsqlite3.tbd */ = {isa = PBXFileReference; lastKnownFileType = "sourcecode.text-based-dylib-definition"; name = libsqlite3.tbd; path = usr/lib/libsqlite3.tbd; sourceTree = SDKROOT; };
		947BC0951CA5286900AAFEB4 /* vindicyusdb.db */ = {isa = PBXFileReference; lastKnownFileType = file; path = vindicyusdb.db; sourceTree = "<group>"; };
		947BC09A1CA5316F00AAFEB4 /* DatabaseManager.h */ = {isa = PBXFileReference; fileEncoding = 4; lastKnownFileType = sourcecode.c.h; path = DatabaseManager.h; sourceTree = "<group>"; };
		947BC09B1CA5316F00AAFEB4 /* DatabaseManager.m */ = {isa = PBXFileReference; fileEncoding = 4; lastKnownFileType = sourcecode.c.objc; path = DatabaseManager.m; sourceTree = "<group>"; };
		9499FDDB1CB3A1A6000C8856 /* EquipmentChartViewController.h */ = {isa = PBXFileReference; fileEncoding = 4; lastKnownFileType = sourcecode.c.h; path = EquipmentChartViewController.h; sourceTree = "<group>"; };
		9499FDDC1CB3A1A6000C8856 /* EquipmentChartViewController.m */ = {isa = PBXFileReference; fileEncoding = 4; lastKnownFileType = sourcecode.c.objc; path = EquipmentChartViewController.m; sourceTree = "<group>"; };
		94D982531CB4F8DA006E5AFE /* UIColor+HexString.h */ = {isa = PBXFileReference; fileEncoding = 4; lastKnownFileType = sourcecode.c.h; name = "UIColor+HexString.h"; path = "FMDB/UIColor+HexString.h"; sourceTree = "<group>"; };
		94D982541CB4F8DA006E5AFE /* UIColor+HexString.m */ = {isa = PBXFileReference; fileEncoding = 4; lastKnownFileType = sourcecode.c.objc; name = "UIColor+HexString.m"; path = "FMDB/UIColor+HexString.m"; sourceTree = "<group>"; };
		94D982571CB502D4006E5AFE /* BOSSViewController.h */ = {isa = PBXFileReference; fileEncoding = 4; lastKnownFileType = sourcecode.c.h; path = BOSSViewController.h; sourceTree = "<group>"; };
		94D982581CB502D4006E5AFE /* BOSSViewController.m */ = {isa = PBXFileReference; fileEncoding = 4; lastKnownFileType = sourcecode.c.objc; path = BOSSViewController.m; sourceTree = "<group>"; };
/* End PBXFileReference section */

/* Begin PBXFrameworksBuildPhase section */
		9412F7681CA229E50037F461 /* Frameworks */ = {
			isa = PBXFrameworksBuildPhase;
			buildActionMask = 2147483647;
			files = (
				947BC0931CA4FEA300AAFEB4 /* libsqlite3.tbd in Frameworks */,
			);
			runOnlyForDeploymentPostprocessing = 0;
		};
		9412F7811CA229E50037F461 /* Frameworks */ = {
			isa = PBXFrameworksBuildPhase;
			buildActionMask = 2147483647;
			files = (
			);
			runOnlyForDeploymentPostprocessing = 0;
		};
		9412F78C1CA229E60037F461 /* Frameworks */ = {
			isa = PBXFrameworksBuildPhase;
			buildActionMask = 2147483647;
			files = (
			);
			runOnlyForDeploymentPostprocessing = 0;
		};
/* End PBXFrameworksBuildPhase section */

/* Begin PBXGroup section */
		50D9D77F1CA6BB05002A6390 /* 模型 */ = {
			isa = PBXGroup;
			children = (
				50D9D7801CA6BB2C002A6390 /* 装备、副本模型 */,
				50D9D7811CA6BB37002A6390 /* 头衔模型 */,
			);
			name = "模型";
			sourceTree = "<group>";
		};
		50D9D7801CA6BB2C002A6390 /* 装备、副本模型 */ = {
			isa = PBXGroup;
			children = (
				50D9D78C1CA6C58C002A6390 /* EquipmentModel.h */,
				50D9D78D1CA6C58C002A6390 /* EquipmentModel.m */,
			);
			name = "装备、副本模型";
			sourceTree = "<group>";
		};
		50D9D7811CA6BB37002A6390 /* 头衔模型 */ = {
			isa = PBXGroup;
			children = (
				50D9D7891CA6C569002A6390 /* TitleModel.h */,
				50D9D78A1CA6C569002A6390 /* TitleModel.m */,
			);
			name = "头衔模型";
			sourceTree = "<group>";
		};
		50F0870A1CA4E728005352B7 /* 3rd */ = {
			isa = PBXGroup;
			children = (
				94D982561CB4F8E2006E5AFE /* RBG */,
				9447DA231CA276E00009AA60 /* 混合三级视图 */,
				50F0870B1CA4E868005352B7 /* FMDB */,
			);
			name = 3rd;
			sourceTree = "<group>";
		};
		50F0870B1CA4E868005352B7 /* FMDB */ = {
			isa = PBXGroup;
			children = (
				50F0870C1CA4E868005352B7 /* FMDatabase.h */,
				50F0870D1CA4E868005352B7 /* FMDatabase.m */,
				50F0870E1CA4E868005352B7 /* FMDatabaseAdditions.h */,
				50F0870F1CA4E868005352B7 /* FMDatabaseAdditions.m */,
				50F087101CA4E868005352B7 /* FMDatabasePool.h */,
				50F087111CA4E868005352B7 /* FMDatabasePool.m */,
				50F087121CA4E868005352B7 /* FMDatabaseQueue.h */,
				50F087131CA4E868005352B7 /* FMDatabaseQueue.m */,
				50F087141CA4E868005352B7 /* FMDB.h */,
				50F087151CA4E868005352B7 /* FMResultSet.h */,
				50F087161CA4E868005352B7 /* FMResultSet.m */,
			);
			path = FMDB;
			sourceTree = "<group>";
		};
		940B473E1CA8E6DF00AFF747 /* 装备 */ = {
			isa = PBXGroup;
			children = (
				940B47461CA8EACC00AFF747 /* EquipmentViewController.h */,
				940B47471CA8EACC00AFF747 /* EquipmentViewController.m */,
				940B473F1CA8E6E900AFF747 /* 装备图表 */,
			);
			name = "装备";
			sourceTree = "<group>";
		};
		940B473F1CA8E6E900AFF747 /* 装备图表 */ = {
			isa = PBXGroup;
			children = (
				9499FDDB1CB3A1A6000C8856 /* EquipmentChartViewController.h */,
				9499FDDC1CB3A1A6000C8856 /* EquipmentChartViewController.m */,
			);
			name = "装备图表";
			sourceTree = "<group>";
		};
		940B47431CA8E73600AFF747 /* 副本 */ = {
			isa = PBXGroup;
			children = (
				94D982571CB502D4006E5AFE /* BOSSViewController.h */,
				94D982581CB502D4006E5AFE /* BOSSViewController.m */,
			);
			name = "副本";
			sourceTree = "<group>";
		};
		940B47441CA8E78C00AFF747 /* 附魔 */ = {
			isa = PBXGroup;
			children = (
			);
			name = "附魔";
			sourceTree = "<group>";
		};
		940B47451CA8E88600AFF747 /* 头衔 */ = {
			isa = PBXGroup;
			children = (
			);
			name = "头衔";
			sourceTree = "<group>";
		};
		9412F7621CA229E50037F461 = {
			isa = PBXGroup;
			children = (
				947BC0951CA5286900AAFEB4 /* vindicyusdb.db */,
				947BC0921CA4FEA300AAFEB4 /* libsqlite3.tbd */,
				9412F76D1CA229E50037F461 /* Mabinogi_heroes */,
				9412F7871CA229E50037F461 /* Mabinogi_heroesTests */,
				9412F7921CA229E60037F461 /* Mabinogi_heroesUITests */,
				9412F76C1CA229E50037F461 /* Products */,
			);
			sourceTree = "<group>";
		};
		9412F76C1CA229E50037F461 /* Products */ = {
			isa = PBXGroup;
			children = (
				9412F76B1CA229E50037F461 /* Mabinogi_heroes.app */,
				9412F7841CA229E50037F461 /* Mabinogi_heroesTests.xctest */,
				9412F78F1CA229E60037F461 /* Mabinogi_heroesUITests.xctest */,
			);
			name = Products;
			sourceTree = "<group>";
		};
		9412F76D1CA229E50037F461 /* Mabinogi_heroes */ = {
			isa = PBXGroup;
			children = (
				9412F7711CA229E50037F461 /* AppDelegate.h */,
				9412F7721CA229E50037F461 /* AppDelegate.m */,
				9412F7741CA229E50037F461 /* ViewController.h */,
				9412F7751CA229E50037F461 /* ViewController.m */,
				9412F7771CA229E50037F461 /* Main.storyboard */,
				9412F77A1CA229E50037F461 /* Assets.xcassets */,
				9412F77C1CA229E50037F461 /* LaunchScreen.storyboard */,
				9412F77F1CA229E50037F461 /* Info.plist */,
				50F0870A1CA4E728005352B7 /* 3rd */,
				50D9D77F1CA6BB05002A6390 /* 模型 */,
				947BC0991CA5312A00AAFEB4 /* 数据库 */,
				9412F7C71CA24FA70037F461 /* 定义 */,
				9412F7BD1CA240A50037F461 /* Tabbar */,
				9412F7A11CA232CA0037F461 /* 资讯 */,
				9412F7A21CA232DA0037F461 /* 数据 */,
				9412F7A31CA232F60037F461 /* 社区 */,
				9412F7A41CA232FE0037F461 /* 我的 */,
				9412F76E1CA229E50037F461 /* Supporting Files */,
			);
			path = Mabinogi_heroes;
			sourceTree = "<group>";
		};
		9412F76E1CA229E50037F461 /* Supporting Files */ = {
			isa = PBXGroup;
			children = (
				9412F76F1CA229E50037F461 /* main.m */,
			);
			name = "Supporting Files";
			sourceTree = "<group>";
		};
		9412F7871CA229E50037F461 /* Mabinogi_heroesTests */ = {
			isa = PBXGroup;
			children = (
				9412F7881CA229E50037F461 /* Mabinogi_heroesTests.m */,
				9412F78A1CA229E50037F461 /* Info.plist */,
			);
			path = Mabinogi_heroesTests;
			sourceTree = "<group>";
		};
		9412F7921CA229E60037F461 /* Mabinogi_heroesUITests */ = {
			isa = PBXGroup;
			children = (
				9412F7931CA229E60037F461 /* Mabinogi_heroesUITests.m */,
				9412F7951CA229E60037F461 /* Info.plist */,
			);
			path = Mabinogi_heroesUITests;
			sourceTree = "<group>";
		};
		9412F7A11CA232CA0037F461 /* 资讯 */ = {
			isa = PBXGroup;
			children = (
				9412F7C11CA242CE0037F461 /* cell */,
				9412F7B11CA236EF0037F461 /* NewsViewController.h */,
				9412F7B21CA236EF0037F461 /* NewsViewController.m */,
			);
			name = "资讯";
			sourceTree = "<group>";
		};
		9412F7A21CA232DA0037F461 /* 数据 */ = {
			isa = PBXGroup;
			children = (
				9412F7B41CA236FC0037F461 /* DataViewController.h */,
				9412F7B51CA236FC0037F461 /* DataViewController.m */,
				940B473E1CA8E6DF00AFF747 /* 装备 */,
				940B47431CA8E73600AFF747 /* 副本 */,
				940B47441CA8E78C00AFF747 /* 附魔 */,
				940B47451CA8E88600AFF747 /* 头衔 */,
			);
			name = "数据";
			sourceTree = "<group>";
		};
		9412F7A31CA232F60037F461 /* 社区 */ = {
			isa = PBXGroup;
			children = (
				9412F7B71CA237360037F461 /* CommunityViewController.h */,
				9412F7B81CA237360037F461 /* CommunityViewController.m */,
			);
			name = "社区";
			sourceTree = "<group>";
		};
		9412F7A41CA232FE0037F461 /* 我的 */ = {
			isa = PBXGroup;
			children = (
				9412F7BA1CA237420037F461 /* MySelfViewController.h */,
				9412F7BB1CA237420037F461 /* MySelfViewController.m */,
			);
			name = "我的";
			sourceTree = "<group>";
		};
		9412F7BD1CA240A50037F461 /* Tabbar */ = {
			isa = PBXGroup;
			children = (
				9412F7BE1CA240D50037F461 /* MainTabbarViewController.h */,
				9412F7BF1CA240D50037F461 /* MainTabbarViewController.m */,
			);
			name = Tabbar;
			sourceTree = "<group>";
		};
		9412F7C11CA242CE0037F461 /* cell */ = {
			isa = PBXGroup;
			children = (
				9412F7C21CA243080037F461 /* NewsCell.h */,
				9412F7C31CA243080037F461 /* NewsCell.m */,
				9412F7C41CA243080037F461 /* NewsCell.xib */,
			);
			name = cell;
			sourceTree = "<group>";
		};
		9412F7C71CA24FA70037F461 /* 定义 */ = {
			isa = PBXGroup;
			children = (
				9412F7C81CA24FCA0037F461 /* Header.h */,
			);
			name = "定义";
			sourceTree = "<group>";
		};
		9447DA231CA276E00009AA60 /* 混合三级视图 */ = {
			isa = PBXGroup;
			children = (
				9447DA271CA283940009AA60 /* cell */,
				9447DA241CA278DD0009AA60 /* MultLevelMeun.h */,
				9447DA251CA278DD0009AA60 /* MultLevelMeun.m */,
			);
			name = "混合三级视图";
			sourceTree = "<group>";
		};
		9447DA271CA283940009AA60 /* cell */ = {
			isa = PBXGroup;
			children = (
				9447DA281CA2841B0009AA60 /* RightCellCollectionViewCell.h */,
				9447DA291CA2841B0009AA60 /* RightCellCollectionViewCell.m */,
				9447DA2A1CA2841B0009AA60 /* RightCellCollectionViewCell.xib */,
				9447DA2D1CA284370009AA60 /* LeftCell.h */,
				9447DA2E1CA284370009AA60 /* LeftCell.m */,
				9447DA2F1CA284370009AA60 /* LeftCell.xib */,
				9447DA321CA284630009AA60 /* RightHeadView.h */,
				9447DA331CA284630009AA60 /* RightHeadView.m */,
				9447DA351CA284DC0009AA60 /* RightHeadView.xib */,
			);
			name = cell;
			sourceTree = "<group>";
		};
		947BC0991CA5312A00AAFEB4 /* 数据库 */ = {
			isa = PBXGroup;
			children = (
				947BC09A1CA5316F00AAFEB4 /* DatabaseManager.h */,
				947BC09B1CA5316F00AAFEB4 /* DatabaseManager.m */,
			);
			name = "数据库";
			sourceTree = "<group>";
		};
		94D982561CB4F8E2006E5AFE /* RBG */ = {
			isa = PBXGroup;
			children = (
				94D982531CB4F8DA006E5AFE /* UIColor+HexString.h */,
				94D982541CB4F8DA006E5AFE /* UIColor+HexString.m */,
			);
			name = RBG;
			sourceTree = "<group>";
		};
/* End PBXGroup section */

/* Begin PBXNativeTarget section */
		9412F76A1CA229E50037F461 /* Mabinogi_heroes */ = {
			isa = PBXNativeTarget;
			buildConfigurationList = 9412F7981CA229E60037F461 /* Build configuration list for PBXNativeTarget "Mabinogi_heroes" */;
			buildPhases = (
				9412F7671CA229E50037F461 /* Sources */,
				9412F7681CA229E50037F461 /* Frameworks */,
				9412F7691CA229E50037F461 /* Resources */,
			);
			buildRules = (
			);
			dependencies = (
			);
			name = Mabinogi_heroes;
			productName = Mabinogi_heroes;
			productReference = 9412F76B1CA229E50037F461 /* Mabinogi_heroes.app */;
			productType = "com.apple.product-type.application";
		};
		9412F7831CA229E50037F461 /* Mabinogi_heroesTests */ = {
			isa = PBXNativeTarget;
			buildConfigurationList = 9412F79B1CA229E60037F461 /* Build configuration list for PBXNativeTarget "Mabinogi_heroesTests" */;
			buildPhases = (
				9412F7801CA229E50037F461 /* Sources */,
				9412F7811CA229E50037F461 /* Frameworks */,
				9412F7821CA229E50037F461 /* Resources */,
			);
			buildRules = (
			);
			dependencies = (
				9412F7861CA229E50037F461 /* PBXTargetDependency */,
			);
			name = Mabinogi_heroesTests;
			productName = Mabinogi_heroesTests;
			productReference = 9412F7841CA229E50037F461 /* Mabinogi_heroesTests.xctest */;
			productType = "com.apple.product-type.bundle.unit-test";
		};
		9412F78E1CA229E60037F461 /* Mabinogi_heroesUITests */ = {
			isa = PBXNativeTarget;
			buildConfigurationList = 9412F79E1CA229E60037F461 /* Build configuration list for PBXNativeTarget "Mabinogi_heroesUITests" */;
			buildPhases = (
				9412F78B1CA229E60037F461 /* Sources */,
				9412F78C1CA229E60037F461 /* Frameworks */,
				9412F78D1CA229E60037F461 /* Resources */,
			);
			buildRules = (
			);
			dependencies = (
				9412F7911CA229E60037F461 /* PBXTargetDependency */,
			);
			name = Mabinogi_heroesUITests;
			productName = Mabinogi_heroesUITests;
			productReference = 9412F78F1CA229E60037F461 /* Mabinogi_heroesUITests.xctest */;
			productType = "com.apple.product-type.bundle.ui-testing";
		};
/* End PBXNativeTarget section */

/* Begin PBXProject section */
		9412F7631CA229E50037F461 /* Project object */ = {
			isa = PBXProject;
			attributes = {
				LastUpgradeCheck = 0720;
				ORGANIZATIONNAME = baiyue;
				TargetAttributes = {
					9412F76A1CA229E50037F461 = {
						CreatedOnToolsVersion = 7.2.1;
						DevelopmentTeam = 9Z92Q2DDAJ;
					};
					9412F7831CA229E50037F461 = {
						CreatedOnToolsVersion = 7.2.1;
						DevelopmentTeam = 9Z92Q2DDAJ;
						TestTargetID = 9412F76A1CA229E50037F461;
					};
					9412F78E1CA229E60037F461 = {
						CreatedOnToolsVersion = 7.2.1;
						DevelopmentTeam = 9Z92Q2DDAJ;
						TestTargetID = 9412F76A1CA229E50037F461;
					};
				};
			};
			buildConfigurationList = 9412F7661CA229E50037F461 /* Build configuration list for PBXProject "Mabinogi_heroes" */;
			compatibilityVersion = "Xcode 3.2";
			developmentRegion = English;
			hasScannedForEncodings = 0;
			knownRegions = (
				en,
				Base,
			);
			mainGroup = 9412F7621CA229E50037F461;
			productRefGroup = 9412F76C1CA229E50037F461 /* Products */;
			projectDirPath = "";
			projectRoot = "";
			targets = (
				9412F76A1CA229E50037F461 /* Mabinogi_heroes */,
				9412F7831CA229E50037F461 /* Mabinogi_heroesTests */,
				9412F78E1CA229E60037F461 /* Mabinogi_heroesUITests */,
			);
		};
/* End PBXProject section */

/* Begin PBXResourcesBuildPhase section */
		9412F7691CA229E50037F461 /* Resources */ = {
			isa = PBXResourcesBuildPhase;
			buildActionMask = 2147483647;
			files = (
				9447DA311CA284370009AA60 /* LeftCell.xib in Resources */,
				9447DA2C1CA2841B0009AA60 /* RightCellCollectionViewCell.xib in Resources */,
				9412F77E1CA229E50037F461 /* LaunchScreen.storyboard in Resources */,
				9412F77B1CA229E50037F461 /* Assets.xcassets in Resources */,
				9447DA361CA284DC0009AA60 /* RightHeadView.xib in Resources */,
				9412F7C61CA243080037F461 /* NewsCell.xib in Resources */,
				947BC0961CA5286900AAFEB4 /* vindicyusdb.db in Resources */,
				9412F7791CA229E50037F461 /* Main.storyboard in Resources */,
			);
			runOnlyForDeploymentPostprocessing = 0;
		};
		9412F7821CA229E50037F461 /* Resources */ = {
			isa = PBXResourcesBuildPhase;
			buildActionMask = 2147483647;
			files = (
				947BC0971CA5286900AAFEB4 /* vindicyusdb.db in Resources */,
			);
			runOnlyForDeploymentPostprocessing = 0;
		};
		9412F78D1CA229E60037F461 /* Resources */ = {
			isa = PBXResourcesBuildPhase;
			buildActionMask = 2147483647;
			files = (
				947BC0981CA5286900AAFEB4 /* vindicyusdb.db in Resources */,
			);
			runOnlyForDeploymentPostprocessing = 0;
		};
/* End PBXResourcesBuildPhase section */

/* Begin PBXSourcesBuildPhase section */
		9412F7671CA229E50037F461 /* Sources */ = {
			isa = PBXSourcesBuildPhase;
			buildActionMask = 2147483647;
			files = (
				9412F7B91CA237360037F461 /* CommunityViewController.m in Sources */,
				9412F7761CA229E50037F461 /* ViewController.m in Sources */,
				947BC09C1CA5316F00AAFEB4 /* DatabaseManager.m in Sources */,
				9412F7C51CA243080037F461 /* NewsCell.m in Sources */,
				50F087171CA4E868005352B7 /* FMDatabase.m in Sources */,
				9412F7BC1CA237420037F461 /* MySelfViewController.m in Sources */,
				9447DA2B1CA2841B0009AA60 /* RightCellCollectionViewCell.m in Sources */,
				940B47481CA8EACC00AFF747 /* EquipmentViewController.m in Sources */,
				50D9D78E1CA6C58C002A6390 /* EquipmentModel.m in Sources */,
				50F0871B1CA4E868005352B7 /* FMResultSet.m in Sources */,
				9412F7731CA229E50037F461 /* AppDelegate.m in Sources */,
				9447DA341CA284630009AA60 /* RightHeadView.m in Sources */,
				9412F7701CA229E50037F461 /* main.m in Sources */,
				94D982591CB502D4006E5AFE /* BOSSViewController.m in Sources */,
				9412F7C01CA240D50037F461 /* MainTabbarViewController.m in Sources */,
				94D982551CB4F8DA006E5AFE /* UIColor+HexString.m in Sources */,
				9447DA301CA284370009AA60 /* LeftCell.m in Sources */,
				9412F7B31CA236EF0037F461 /* NewsViewController.m in Sources */,
				9412F7B61CA236FC0037F461 /* DataViewController.m in Sources */,
				9499FDDD1CB3A1A6000C8856 /* EquipmentChartViewController.m in Sources */,
				50F087191CA4E868005352B7 /* FMDatabasePool.m in Sources */,
				50F0871A1CA4E868005352B7 /* FMDatabaseQueue.m in Sources */,
				9447DA261CA278DD0009AA60 /* MultLevelMeun.m in Sources */,
				50D9D78B1CA6C569002A6390 /* TitleModel.m in Sources */,
				50F087181CA4E868005352B7 /* FMDatabaseAdditions.m in Sources */,
			);
			runOnlyForDeploymentPostprocessing = 0;
		};
		9412F7801CA229E50037F461 /* Sources */ = {
			isa = PBXSourcesBuildPhase;
			buildActionMask = 2147483647;
			files = (
				947BC09D1CA5316F00AAFEB4 /* DatabaseManager.m in Sources */,
				9412F7891CA229E50037F461 /* Mabinogi_heroesTests.m in Sources */,
			);
			runOnlyForDeploymentPostprocessing = 0;
		};
		9412F78B1CA229E60037F461 /* Sources */ = {
			isa = PBXSourcesBuildPhase;
			buildActionMask = 2147483647;
			files = (
				947BC09E1CA5316F00AAFEB4 /* DatabaseManager.m in Sources */,
				9412F7941CA229E60037F461 /* Mabinogi_heroesUITests.m in Sources */,
			);
			runOnlyForDeploymentPostprocessing = 0;
		};
/* End PBXSourcesBuildPhase section */

/* Begin PBXTargetDependency section */
		9412F7861CA229E50037F461 /* PBXTargetDependency */ = {
			isa = PBXTargetDependency;
			target = 9412F76A1CA229E50037F461 /* Mabinogi_heroes */;
			targetProxy = 9412F7851CA229E50037F461 /* PBXContainerItemProxy */;
		};
		9412F7911CA229E60037F461 /* PBXTargetDependency */ = {
			isa = PBXTargetDependency;
			target = 9412F76A1CA229E50037F461 /* Mabinogi_heroes */;
			targetProxy = 9412F7901CA229E60037F461 /* PBXContainerItemProxy */;
		};
/* End PBXTargetDependency section */

/* Begin PBXVariantGroup section */
		9412F7771CA229E50037F461 /* Main.storyboard */ = {
			isa = PBXVariantGroup;
			children = (
				9412F7781CA229E50037F461 /* Base */,
			);
			name = Main.storyboard;
			sourceTree = "<group>";
		};
		9412F77C1CA229E50037F461 /* LaunchScreen.storyboard */ = {
			isa = PBXVariantGroup;
			children = (
				9412F77D1CA229E50037F461 /* Base */,
			);
			name = LaunchScreen.storyboard;
			sourceTree = "<group>";
		};
/* End PBXVariantGroup section */

/* Begin XCBuildConfiguration section */
		9412F7961CA229E60037F461 /* Debug */ = {
			isa = XCBuildConfiguration;
			buildSettings = {
				ALWAYS_SEARCH_USER_PATHS = NO;
				CLANG_CXX_LANGUAGE_STANDARD = "gnu++0x";
				CLANG_CXX_LIBRARY = "libc++";
				CLANG_ENABLE_MODULES = YES;
				CLANG_ENABLE_OBJC_ARC = YES;
				CLANG_WARN_BOOL_CONVERSION = YES;
				CLANG_WARN_CONSTANT_CONVERSION = YES;
				CLANG_WARN_DIRECT_OBJC_ISA_USAGE = YES_ERROR;
				CLANG_WARN_EMPTY_BODY = YES;
				CLANG_WARN_ENUM_CONVERSION = YES;
				CLANG_WARN_INT_CONVERSION = YES;
				CLANG_WARN_OBJC_ROOT_CLASS = YES_ERROR;
				CLANG_WARN_UNREACHABLE_CODE = YES;
				CLANG_WARN__DUPLICATE_METHOD_MATCH = YES;
				"CODE_SIGN_IDENTITY[sdk=iphoneos*]" = "iPhone Developer";
				COPY_PHASE_STRIP = NO;
				DEBUG_INFORMATION_FORMAT = dwarf;
				ENABLE_STRICT_OBJC_MSGSEND = YES;
				ENABLE_TESTABILITY = YES;
				GCC_C_LANGUAGE_STANDARD = gnu99;
				GCC_DYNAMIC_NO_PIC = NO;
				GCC_NO_COMMON_BLOCKS = YES;
				GCC_OPTIMIZATION_LEVEL = 0;
				GCC_PREPROCESSOR_DEFINITIONS = (
					"DEBUG=1",
					"$(inherited)",
				);
				GCC_WARN_64_TO_32_BIT_CONVERSION = YES;
				GCC_WARN_ABOUT_RETURN_TYPE = YES_ERROR;
				GCC_WARN_UNDECLARED_SELECTOR = YES;
				GCC_WARN_UNINITIALIZED_AUTOS = YES_AGGRESSIVE;
				GCC_WARN_UNUSED_FUNCTION = YES;
				GCC_WARN_UNUSED_VARIABLE = YES;
				IPHONEOS_DEPLOYMENT_TARGET = 9.2;
				MTL_ENABLE_DEBUG_INFO = YES;
				ONLY_ACTIVE_ARCH = YES;
				SDKROOT = iphoneos;
				TARGETED_DEVICE_FAMILY = "1,2";
			};
			name = Debug;
		};
		9412F7971CA229E60037F461 /* Release */ = {
			isa = XCBuildConfiguration;
			buildSettings = {
				ALWAYS_SEARCH_USER_PATHS = NO;
				CLANG_CXX_LANGUAGE_STANDARD = "gnu++0x";
				CLANG_CXX_LIBRARY = "libc++";
				CLANG_ENABLE_MODULES = YES;
				CLANG_ENABLE_OBJC_ARC = YES;
				CLANG_WARN_BOOL_CONVERSION = YES;
				CLANG_WARN_CONSTANT_CONVERSION = YES;
				CLANG_WARN_DIRECT_OBJC_ISA_USAGE = YES_ERROR;
				CLANG_WARN_EMPTY_BODY = YES;
				CLANG_WARN_ENUM_CONVERSION = YES;
				CLANG_WARN_INT_CONVERSION = YES;
				CLANG_WARN_OBJC_ROOT_CLASS = YES_ERROR;
				CLANG_WARN_UNREACHABLE_CODE = YES;
				CLANG_WARN__DUPLICATE_METHOD_MATCH = YES;
				"CODE_SIGN_IDENTITY[sdk=iphoneos*]" = "iPhone Developer";
				COPY_PHASE_STRIP = NO;
				DEBUG_INFORMATION_FORMAT = "dwarf-with-dsym";
				ENABLE_NS_ASSERTIONS = NO;
				ENABLE_STRICT_OBJC_MSGSEND = YES;
				GCC_C_LANGUAGE_STANDARD = gnu99;
				GCC_NO_COMMON_BLOCKS = YES;
				GCC_WARN_64_TO_32_BIT_CONVERSION = YES;
				GCC_WARN_ABOUT_RETURN_TYPE = YES_ERROR;
				GCC_WARN_UNDECLARED_SELECTOR = YES;
				GCC_WARN_UNINITIALIZED_AUTOS = YES_AGGRESSIVE;
				GCC_WARN_UNUSED_FUNCTION = YES;
				GCC_WARN_UNUSED_VARIABLE = YES;
				IPHONEOS_DEPLOYMENT_TARGET = 9.2;
				MTL_ENABLE_DEBUG_INFO = NO;
				SDKROOT = iphoneos;
				TARGETED_DEVICE_FAMILY = "1,2";
				VALIDATE_PRODUCT = YES;
			};
			name = Release;
		};
		9412F7991CA229E60037F461 /* Debug */ = {
			isa = XCBuildConfiguration;
			buildSettings = {
				ASSETCATALOG_COMPILER_APPICON_NAME = AppIcon;
				GCC_C_LANGUAGE_STANDARD = gnu99;
				INFOPLIST_FILE = Mabinogi_heroes/Info.plist;
				IPHONEOS_DEPLOYMENT_TARGET = 8.0;
				LD_RUNPATH_SEARCH_PATHS = "$(inherited) @executable_path/Frameworks";
				PRODUCT_BUNDLE_IDENTIFIER = "sqzjj14.Mabinogi-heroes";
				PRODUCT_NAME = "$(TARGET_NAME)";
			};
			name = Debug;
		};
		9412F79A1CA229E60037F461 /* Release */ = {
			isa = XCBuildConfiguration;
			buildSettings = {
				ASSETCATALOG_COMPILER_APPICON_NAME = AppIcon;
				GCC_C_LANGUAGE_STANDARD = gnu99;
				INFOPLIST_FILE = Mabinogi_heroes/Info.plist;
				IPHONEOS_DEPLOYMENT_TARGET = 8.0;
				LD_RUNPATH_SEARCH_PATHS = "$(inherited) @executable_path/Frameworks";
				PRODUCT_BUNDLE_IDENTIFIER = "sqzjj14.Mabinogi-heroes";
				PRODUCT_NAME = "$(TARGET_NAME)";
			};
			name = Release;
		};
		9412F79C1CA229E60037F461 /* Debug */ = {
			isa = XCBuildConfiguration;
			buildSettings = {
				BUNDLE_LOADER = "$(TEST_HOST)";
				INFOPLIST_FILE = Mabinogi_heroesTests/Info.plist;
				LD_RUNPATH_SEARCH_PATHS = "$(inherited) @executable_path/Frameworks @loader_path/Frameworks";
				PRODUCT_BUNDLE_IDENTIFIER = "sqzjj14.Mabinogi-heroesTests";
				PRODUCT_NAME = "$(TARGET_NAME)";
				TEST_HOST = "$(BUILT_PRODUCTS_DIR)/Mabinogi_heroes.app/Mabinogi_heroes";
			};
			name = Debug;
		};
		9412F79D1CA229E60037F461 /* Release */ = {
			isa = XCBuildConfiguration;
			buildSettings = {
				BUNDLE_LOADER = "$(TEST_HOST)";
				INFOPLIST_FILE = Mabinogi_heroesTests/Info.plist;
				LD_RUNPATH_SEARCH_PATHS = "$(inherited) @executable_path/Frameworks @loader_path/Frameworks";
				PRODUCT_BUNDLE_IDENTIFIER = "sqzjj14.Mabinogi-heroesTests";
				PRODUCT_NAME = "$(TARGET_NAME)";
				TEST_HOST = "$(BUILT_PRODUCTS_DIR)/Mabinogi_heroes.app/Mabinogi_heroes";
			};
			name = Release;
		};
		9412F79F1CA229E60037F461 /* Debug */ = {
			isa = XCBuildConfiguration;
			buildSettings = {
				INFOPLIST_FILE = Mabinogi_heroesUITests/Info.plist;
				LD_RUNPATH_SEARCH_PATHS = "$(inherited) @executable_path/Frameworks @loader_path/Frameworks";
				PRODUCT_BUNDLE_IDENTIFIER = "sqzjj14.Mabinogi-heroesUITests";
				PRODUCT_NAME = "$(TARGET_NAME)";
				TEST_TARGET_NAME = Mabinogi_heroes;
				USES_XCTRUNNER = YES;
			};
			name = Debug;
		};
		9412F7A01CA229E60037F461 /* Release */ = {
			isa = XCBuildConfiguration;
			buildSettings = {
				INFOPLIST_FILE = Mabinogi_heroesUITests/Info.plist;
				LD_RUNPATH_SEARCH_PATHS = "$(inherited) @executable_path/Frameworks @loader_path/Frameworks";
				PRODUCT_BUNDLE_IDENTIFIER = "sqzjj14.Mabinogi-heroesUITests";
				PRODUCT_NAME = "$(TARGET_NAME)";
				TEST_TARGET_NAME = Mabinogi_heroes;
				USES_XCTRUNNER = YES;
			};
			name = Release;
		};
/* End XCBuildConfiguration section */

/* Begin XCConfigurationList section */
		9412F7661CA229E50037F461 /* Build configuration list for PBXProject "Mabinogi_heroes" */ = {
			isa = XCConfigurationList;
			buildConfigurations = (
				9412F7961CA229E60037F461 /* Debug */,
				9412F7971CA229E60037F461 /* Release */,
			);
			defaultConfigurationIsVisible = 0;
			defaultConfigurationName = Release;
		};
		9412F7981CA229E60037F461 /* Build configuration list for PBXNativeTarget "Mabinogi_heroes" */ = {
			isa = XCConfigurationList;
			buildConfigurations = (
				9412F7991CA229E60037F461 /* Debug */,
				9412F79A1CA229E60037F461 /* Release */,
			);
			defaultConfigurationIsVisible = 0;
			defaultConfigurationName = Release;
		};
		9412F79B1CA229E60037F461 /* Build configuration list for PBXNativeTarget "Mabinogi_heroesTests" */ = {
			isa = XCConfigurationList;
			buildConfigurations = (
				9412F79C1CA229E60037F461 /* Debug */,
				9412F79D1CA229E60037F461 /* Release */,
			);
			defaultConfigurationIsVisible = 0;
			defaultConfigurationName = Release;
		};
		9412F79E1CA229E60037F461 /* Build configuration list for PBXNativeTarget "Mabinogi_heroesUITests" */ = {
			isa = XCConfigurationList;
			buildConfigurations = (
				9412F79F1CA229E60037F461 /* Debug */,
				9412F7A01CA229E60037F461 /* Release */,
			);
			defaultConfigurationIsVisible = 0;
			defaultConfigurationName = Release;
		};
/* End XCConfigurationList section */
	};
	rootObject = 9412F7631CA229E50037F461 /* Project object */;
}
